<?xml version="1.0" encoding="utf-8"?>
<Project ToolsVersion="4.0" xmlns="http://schemas.microsoft.com/developer/msbuild/2003">
  <ItemGroup>
    <Filter Include="Generated Files">
      <UniqueIdentifier>{71ED8ED8-ACB9-4CE9-BBE1-E00B30144E11}</UniqueIdentifier>
      <Extensions>cpp;c;cxx;moc;h;def;odl;idl;res;</Extensions>
    </Filter>
    <Filter Include="Generated Files">
      <UniqueIdentifier>{71ED8ED8-ACB9-4CE9-BBE1-E00B30144E11}</UniqueIdentifier>
      <Extensions>cpp;c;cxx;moc;h;def;odl;idl;res;</Extensions>
    </Filter>
    <Filter Include="Header Files">
      <UniqueIdentifier>{93995380-89BD-4b04-88EB-625FBE52EBFB}</UniqueIdentifier>
      <Extensions>h;hpp;hxx;hm;inl;inc;xsd</Extensions>
    </Filter>
    <Filter Include="Header Files">
      <UniqueIdentifier>{93995380-89BD-4b04-88EB-625FBE52EBFB}</UniqueIdentifier>
      <Extensions>h;hpp;hxx;hm;inl;inc;xsd</Extensions>
    </Filter>
    <Filter Include="Source Files">
      <UniqueIdentifier>{4FC737F1-C7A5-4376-A066-2A32D752A2FF}</UniqueIdentifier>
      <Extensions>cpp;c;cxx;def;odl;idl;hpj;bat;asm;asmx</Extensions>
    </Filter>
    <Filter Include="Source Files">
      <UniqueIdentifier>{4FC737F1-C7A5-4376-A066-2A32D752A2FF}</UniqueIdentifier>
      <Extensions>cpp;c;cxx;def;odl;idl;hpj;bat;asm;asmx</Extensions>
    </Filter>
    <Filter Include="Translation Files">
      <UniqueIdentifier>{639EADAA-A684-42e4-A9AD-28FC9BCB8F7C}</UniqueIdentifier>
      <Extensions>ts;xlf</Extensions>
      <ParseFiles>false</ParseFiles>
    </Filter>
    <Filter Include="Translation Files">
      <UniqueIdentifier>{639EADAA-A684-42e4-A9AD-28FC9BCB8F7C}</UniqueIdentifier>
      <Extensions>ts;xlf</Extensions>
      <ParseFiles>false</ParseFiles>
    </Filter>
    <Filter Include="Generated Files\Debug">
      <UniqueIdentifier>{993f7f7d-cc6c-49ca-9a90-055dcfa740d4}</UniqueIdentifier>
      <Extensions>cpp;moc</Extensions>
      <SourceControlFiles>False</SourceControlFiles>
    </Filter>
    <Filter Include="Generated Files\Release">
      <UniqueIdentifier>{184e8b61-9df8-4d46-86b5-34d0a894df10}</UniqueIdentifier>
      <Extensions>cpp;moc</Extensions>
      <SourceControlFiles>False</SourceControlFiles>
    </Filter>
  </ItemGroup>
  <ItemGroup>
    <ClCompile Include="src\emailaddress.cpp">
      <Filter>Source Files</Filter>
    </ClCompile>
    <ClCompile Include="main.cpp">
      <Filter>Source Files</Filter>
    </ClCompile>
    <ClCompile Include="mainwindow.cpp">
      <Filter>Source Files</Filter>
    </ClCompile>
    <ClCompile Include="src\mimeattachment.cpp">
      <Filter>Source Files</Filter>
    </ClCompile>
    <ClCompile Include="src\mimecontentformatter.cpp">
      <Filter>Source Files</Filter>
    </ClCompile>
    <ClCompile Include="src\mimefile.cpp">
      <Filter>Source Files</Filter>
    </ClCompile>
    <ClCompile Include="src\mimehtml.cpp">
      <Filter>Source Files</Filter>
    </ClCompile>
    <ClCompile Include="src\mimeinlinefile.cpp">
      <Filter>Source Files</Filter>
    </ClCompile>
    <ClCompile Include="src\mimemessage.cpp">
      <Filter>Source Files</Filter>
    </ClCompile>
    <ClCompile Include="src\mimemultipart.cpp">
      <Filter>Source Files</Filter>
    </ClCompile>
    <ClCompile Include="src\mimepart.cpp">
      <Filter>Source Files</Filter>
    </ClCompile>
    <ClCompile Include="src\mimetext.cpp">
      <Filter>Source Files</Filter>
    </ClCompile>
    <ClCompile Include="src\quotedprintable.cpp">
      <Filter>Source Files</Filter>
    </ClCompile>
    <ClCompile Include="src\smtpclient.cpp">
      <Filter>Source Files</Filter>
    </ClCompile>
    <ClCompile Include="Debug\moc_emailaddress.cpp">
      <Filter>Generated Files\Debug</Filter>
    </ClCompile>
    <ClCompile Include="Release\moc_emailaddress.cpp">
      <Filter>Generated Files\Release</Filter>
    </ClCompile>
    <ClCompile Include="Debug\moc_mainwindow.cpp">
      <Filter>Generated Files\Debug</Filter>
    </ClCompile>
    <ClCompile Include="Release\moc_mainwindow.cpp">
      <Filter>Generated Files\Release</Filter>
    </ClCompile>
    <ClCompile Include="Debug\moc_mimeattachment.cpp">
      <Filter>Generated Files\Debug</Filter>
    </ClCompile>
    <ClCompile Include="Release\moc_mimeattachment.cpp">
      <Filter>Generated Files\Release</Filter>
    </ClCompile>
    <ClCompile Include="Debug\moc_mimecontentformatter.cpp">
      <Filter>Generated Files\Debug</Filter>
    </ClCompile>
    <ClCompile Include="Release\moc_mimecontentformatter.cpp">
      <Filter>Generated Files\Release</Filter>
    </ClCompile>
    <ClCompile Include="Debug\moc_mimefile.cpp">
      <Filter>Generated Files\Debug</Filter>
    </ClCompile>
    <ClCompile Include="Release\moc_mimefile.cpp">
      <Filter>Generated Files\Release</Filter>
    </ClCompile>
    <ClCompile Include="Debug\moc_mimehtml.cpp">
      <Filter>Generated Files\Debug</Filter>
    </ClCompile>
    <ClCompile Include="Release\moc_mimehtml.cpp">
      <Filter>Generated Files\Release</Filter>
    </ClCompile>
    <ClCompile Include="Debug\moc_mimemultipart.cpp">
      <Filter>Generated Files\Debug</Filter>
    </ClCompile>
    <ClCompile Include="Release\moc_mimemultipart.cpp">
      <Filter>Generated Files\Release</Filter>
    </ClCompile>
    <ClCompile Include="Debug\moc_mimepart.cpp">
      <Filter>Generated Files\Debug</Filter>
    </ClCompile>
    <ClCompile Include="Release\moc_mimepart.cpp">
      <Filter>Generated Files\Release</Filter>
    </ClCompile>
    <ClCompile Include="Debug\moc_quotedprintable.cpp">
      <Filter>Generated Files\Debug</Filter>
    </ClCompile>
    <ClCompile Include="Release\moc_quotedprintable.cpp">
      <Filter>Generated Files\Release</Filter>
    </ClCompile>
    <ClCompile Include="Debug\moc_smtpclient.cpp">
      <Filter>Generated Files\Debug</Filter>
    </ClCompile>
    <ClCompile Include="Release\moc_smtpclient.cpp">
      <Filter>Generated Files\Release</Filter>
    </ClCompile>
  </ItemGroup>
  <ItemGroup>
    <ClInclude Include="src\SmtpMime">
      <Filter>Header Files</Filter>
    </ClInclude>
    <CustomBuild Include="src\emailaddress.h">
      <Filter>Header Files</Filter>
    </CustomBuild>
    <CustomBuild Include="mainwindow.h">
      <Filter>Header Files</Filter>
    </CustomBuild>
    <CustomBuild Include="src\mimeattachment.h">
      <Filter>Header Files</Filter>
    </CustomBuild>
    <CustomBuild Include="src\mimecontentformatter.h">
      <Filter>Header Files</Filter>
    </CustomBuild>
    <CustomBuild Include="src\mimefile.h">
      <Filter>Header Files</Filter>
    </CustomBuild>
    <CustomBuild Include="src\mimehtml.h">
      <Filter>Header Files</Filter>
    </CustomBuild>
    <ClInclude Include="src\mimeinlinefile.h">
      <Filter>Header Files</Filter>
    </ClInclude>
    <ClInclude Include="src\mimemessage.h">
      <Filter>Header Files</Filter>
    </ClInclude>
    <CustomBuild Include="src\mimemultipart.h">
      <Filter>Header Files</Filter>
    </CustomBuild>
    <CustomBuild Include="src\mimepart.h">
      <Filter>Header Files</Filter>
    </CustomBuild>
    <ClInclude Include="src\mimetext.h">
      <Filter>Header Files</Filter>
    </ClInclude>
    <CustomBuild Include="src\quotedprintable.h">
      <Filter>Header Files</Filter>
    </CustomBuild>
    <CustomBuild Include="src\smtpclient.h">
      <Filter>Header Files</Filter>
    </CustomBuild>
  </ItemGroup>
  <ItemGroup>
    <None Include="QSanSMTPClient.ts">
      <Filter>Translation Files</Filter>
    </None>
  </ItemGroup>
</Project>