<?xml version="1.0" encoding="utf-8"?>
<Project ToolsVersion="4.0" xmlns="http://schemas.microsoft.com/developer/msbuild/2003">
  <ItemGroup>
    <Filter Include="Form Files">
      <UniqueIdentifier>{99349809-55BA-4b9d-BF79-8FDBB0286EB3}</UniqueIdentifier>
      <Extensions>ui</Extensions>
      <ParseFiles>false</ParseFiles>
    </Filter>
    <Filter Include="Generated Files">
      <UniqueIdentifier>{71ED8ED8-ACB9-4CE9-BBE1-E00B30144E11}</UniqueIdentifier>
      <Extensions>cpp;c;cxx;moc;h;def;odl;idl;res;</Extensions>
    </Filter>
    <Filter Include="Generated Files">
      <UniqueIdentifier>{71ED8ED8-ACB9-4CE9-BBE1-E00B30144E11}</UniqueIdentifier>
      <Extensions>cpp;c;cxx;moc;h;def;odl;idl;res;</Extensions>
    </Filter>
    <Filter Include="Translation Files">
      <UniqueIdentifier>{639EADAA-A684-42e4-A9AD-28FC9BCB8F7C}</UniqueIdentifier>
      <Extensions>ts;xlf</Extensions>
      <ParseFiles>false</ParseFiles>
    </Filter>
    <Filter Include="Translation Files">
      <UniqueIdentifier>{639EADAA-A684-42e4-A9AD-28FC9BCB8F7C}</UniqueIdentifier>
      <Extensions>ts;xlf</Extensions>
      <ParseFiles>false</ParseFiles>
    </Filter>
    <Filter Include="Swig Files">
      <UniqueIdentifier>{9981aa0b-e6a2-412b-95d7-2e22d217b648}</UniqueIdentifier>
    </Filter>
    <Filter Include="client">
      <UniqueIdentifier>{c840cc0f-f927-42a6-98f7-1f7f92888d93}</UniqueIdentifier>
    </Filter>
    <Filter Include="core">
      <UniqueIdentifier>{e7089e6a-3089-4d67-a347-02cd2f214e05}</UniqueIdentifier>
    </Filter>
    <Filter Include="dialog">
      <UniqueIdentifier>{be9e2452-57ca-46f7-b067-be44fd16c604}</UniqueIdentifier>
    </Filter>
    <Filter Include="package">
      <UniqueIdentifier>{12921f3f-26ad-402c-a6a2-9865e25d3ec8}</UniqueIdentifier>
    </Filter>
    <Filter Include="scenario">
      <UniqueIdentifier>{6db79ca9-2e4f-498e-b52b-c59736aabf0f}</UniqueIdentifier>
    </Filter>
    <Filter Include="ui">
      <UniqueIdentifier>{ffa117bb-84ff-4371-9304-3f2c80af7d0e}</UniqueIdentifier>
    </Filter>
    <Filter Include="util">
      <UniqueIdentifier>{41ea1f8d-ad6c-48cd-b070-6232f5788c09}</UniqueIdentifier>
    </Filter>
    <Filter Include="server">
      <UniqueIdentifier>{93995380-89BD-4b04-88EB-625FBE52EBFB}</UniqueIdentifier>
      <Extensions>h;hpp;hxx;hm;inl;inc;xsd</Extensions>
    </Filter>
    <Filter Include="ui\form">
      <UniqueIdentifier>{99349809-55BA-4b9d-BF79-8FDBB0286EB3}</UniqueIdentifier>
      <Extensions>ui</Extensions>
      <ParseFiles>false</ParseFiles>
    </Filter>
    <Filter Include="Generated Files\Debug">
      <UniqueIdentifier>{13da7146-21c7-4bd7-8ca8-4fb9c3c1c028}</UniqueIdentifier>
      <Extensions>cpp;moc</Extensions>
      <SourceControlFiles>False</SourceControlFiles>
    </Filter>
    <Filter Include="Generated Files\Release">
      <UniqueIdentifier>{f34c2bba-ec30-47e0-a92a-c941cd46ab62}</UniqueIdentifier>
      <Extensions>cpp;moc</Extensions>
      <SourceControlFiles>False</SourceControlFiles>
    </Filter>
  </ItemGroup>
  <ItemGroup>
    <ClCompile Include="..\..\swig\sanguosha_wrap.cxx">
      <Filter>Generated Files</Filter>
    </ClCompile>
    <ClCompile Include="..\..\src\client\aux-skills.cpp">
      <Filter>client</Filter>
    </ClCompile>
    <ClCompile Include="..\..\src\client\client.cpp">
      <Filter>client</Filter>
    </ClCompile>
    <ClCompile Include="..\..\src\client\clientplayer.cpp">
      <Filter>client</Filter>
    </ClCompile>
    <ClCompile Include="..\..\src\client\clientstruct.cpp">
      <Filter>client</Filter>
    </ClCompile>
    <ClCompile Include="..\..\src\core\audio.cpp">
      <Filter>core</Filter>
    </ClCompile>
    <ClCompile Include="..\..\src\core\banpair.cpp">
      <Filter>core</Filter>
    </ClCompile>
    <ClCompile Include="..\..\src\core\card.cpp">
      <Filter>core</Filter>
    </ClCompile>
    <ClCompile Include="..\..\src\core\engine.cpp">
      <Filter>core</Filter>
    </ClCompile>
    <ClCompile Include="..\..\src\core\general.cpp">
      <Filter>core</Filter>
    </ClCompile>
    <ClCompile Include="..\..\src\core\lua-wrapper.cpp">
      <Filter>core</Filter>
    </ClCompile>
    <ClCompile Include="..\..\src\core\player.cpp">
      <Filter>core</Filter>
    </ClCompile>
    <ClCompile Include="..\..\src\core\settings.cpp">
      <Filter>core</Filter>
    </ClCompile>
    <ClCompile Include="..\..\src\core\skill.cpp">
      <Filter>core</Filter>
    </ClCompile>
    <ClCompile Include="..\..\src\core\statistics.cpp">
      <Filter>core</Filter>
    </ClCompile>
    <ClCompile Include="..\..\src\dialog\cardeditor.cpp">
      <Filter>dialog</Filter>
    </ClCompile>
    <ClCompile Include="..\..\src\dialog\cardoverview.cpp">
      <Filter>dialog</Filter>
    </ClCompile>
    <ClCompile Include="..\..\src\dialog\roleassigndialog.cpp">
      <Filter>dialog</Filter>
    </ClCompile>
    <ClCompile Include="..\..\src\dialog\playercarddialog.cpp">
      <Filter>dialog</Filter>
    </ClCompile>
    <ClCompile Include="..\..\src\dialog\packagingeditor.cpp">
      <Filter>dialog</Filter>
    </ClCompile>
    <ClCompile Include="..\..\src\dialog\mainwindow.cpp">
      <Filter>dialog</Filter>
    </ClCompile>
    <ClCompile Include="..\..\src\dialog\halldialog.cpp">
      <Filter>dialog</Filter>
    </ClCompile>
    <ClCompile Include="..\..\src\dialog\generaloverview.cpp">
      <Filter>dialog</Filter>
    </ClCompile>
    <ClCompile Include="..\..\src\dialog\distanceviewdialog.cpp">
      <Filter>dialog</Filter>
    </ClCompile>
    <ClCompile Include="..\..\src\dialog\customassigndialog.cpp">
      <Filter>dialog</Filter>
    </ClCompile>
    <ClCompile Include="..\..\src\dialog\connectiondialog.cpp">
      <Filter>dialog</Filter>
    </ClCompile>
    <ClCompile Include="..\..\src\dialog\configdialog.cpp">
      <Filter>dialog</Filter>
    </ClCompile>
    <ClCompile Include="..\..\src\dialog\choosegeneraldialog.cpp">
      <Filter>dialog</Filter>
    </ClCompile>
    <ClCompile Include="..\..\src\package\bgm-package.cpp">
      <Filter>package</Filter>
    </ClCompile>
    <ClCompile Include="..\..\src\package\firepackage.cpp">
      <Filter>package</Filter>
    </ClCompile>
    <ClCompile Include="..\..\src\package\god.cpp">
      <Filter>package</Filter>
    </ClCompile>
    <ClCompile Include="..\..\src\package\joypackage.cpp">
      <Filter>package</Filter>
    </ClCompile>
    <ClCompile Include="..\..\src\package\maneuvering.cpp">
      <Filter>package</Filter>
    </ClCompile>
    <ClCompile Include="..\..\src\package\mountainpackage.cpp">
      <Filter>package</Filter>
    </ClCompile>
    <ClCompile Include="..\..\src\package\nostalgia.cpp">
      <Filter>package</Filter>
    </ClCompile>
    <ClCompile Include="..\..\src\package\package.cpp">
      <Filter>package</Filter>
    </ClCompile>
    <ClCompile Include="..\..\src\package\special3v3-package.cpp">
      <Filter>package</Filter>
    </ClCompile>
    <ClCompile Include="..\..\src\package\sp-package.cpp">
      <Filter>package</Filter>
    </ClCompile>
    <ClCompile Include="..\..\src\package\standard-cards.cpp">
      <Filter>package</Filter>
    </ClCompile>
    <ClCompile Include="..\..\src\package\standard-generals.cpp">
      <Filter>package</Filter>
    </ClCompile>
    <ClCompile Include="..\..\src\package\standard-skillcards.cpp">
      <Filter>package</Filter>
    </ClCompile>
    <ClCompile Include="..\..\src\package\standard.cpp">
      <Filter>package</Filter>
    </ClCompile>
    <ClCompile Include="..\..\src\package\thicket.cpp">
      <Filter>package</Filter>
    </ClCompile>
    <ClCompile Include="..\..\src\package\wind.cpp">
      <Filter>package</Filter>
    </ClCompile>
    <ClCompile Include="..\..\src\package\wisdompackage.cpp">
      <Filter>package</Filter>
    </ClCompile>
    <ClCompile Include="..\..\src\package\yitianpackage.cpp">
      <Filter>package</Filter>
    </ClCompile>
    <ClCompile Include="..\..\src\package\yjcm-package.cpp">
      <Filter>package</Filter>
    </ClCompile>
    <ClCompile Include="..\..\src\package\yjcm2012-package.cpp">
      <Filter>package</Filter>
    </ClCompile>
    <ClCompile Include="..\..\src\package\exppattern.cpp">
      <Filter>package</Filter>
    </ClCompile>
    <ClCompile Include="..\..\src\scenario\boss-mode-scenario.cpp">
      <Filter>scenario</Filter>
    </ClCompile>
    <ClCompile Include="..\..\src\scenario\couple-scenario.cpp">
      <Filter>scenario</Filter>
    </ClCompile>
    <ClCompile Include="..\..\src\scenario\fancheng-scenario.cpp">
      <Filter>scenario</Filter>
    </ClCompile>
    <ClCompile Include="..\..\src\scenario\guandu-scenario.cpp">
      <Filter>scenario</Filter>
    </ClCompile>
    <ClCompile Include="..\..\src\scenario\miniscenarios.cpp">
      <Filter>scenario</Filter>
    </ClCompile>
    <ClCompile Include="..\..\src\scenario\scenario.cpp">
      <Filter>scenario</Filter>
    </ClCompile>
    <ClCompile Include="..\..\src\scenario\scenerule.cpp">
      <Filter>scenario</Filter>
    </ClCompile>
    <ClCompile Include="..\..\src\scenario\zombie-mode-scenario.cpp">
      <Filter>scenario</Filter>
    </ClCompile>
    <ClCompile Include="..\..\src\ui\chatwidget.cpp">
      <Filter>ui</Filter>
    </ClCompile>
    <ClCompile Include="..\..\src\ui\button.cpp">
      <Filter>ui</Filter>
    </ClCompile>
    <ClCompile Include="..\..\src\ui\carditem.cpp">
      <Filter>ui</Filter>
    </ClCompile>
    <ClCompile Include="..\..\src\ui\cardcontainer.cpp">
      <Filter>ui</Filter>
    </ClCompile>
    <ClCompile Include="..\..\src\ui\clientlogbox.cpp">
      <Filter>ui</Filter>
    </ClCompile>
    <ClCompile Include="..\..\src\ui\dashboard.cpp">
      <Filter>ui</Filter>
    </ClCompile>
    <ClCompile Include="..\..\src\ui\indicatoritem.cpp">
      <Filter>ui</Filter>
    </ClCompile>
    <ClCompile Include="..\..\src\ui\irregularbutton.cpp">
      <Filter>ui</Filter>
    </ClCompile>
    <ClCompile Include="..\..\src\ui\photo.cpp">
      <Filter>ui</Filter>
    </ClCompile>
    <ClCompile Include="..\..\src\ui\pixmap.cpp">
      <Filter>ui</Filter>
    </ClCompile>
    <ClCompile Include="..\..\src\ui\pixmapanimation.cpp">
      <Filter>ui</Filter>
    </ClCompile>
    <ClCompile Include="..\..\src\ui\window.cpp">
      <Filter>ui</Filter>
    </ClCompile>
    <ClCompile Include="..\..\src\ui\startscene.cpp">
      <Filter>ui</Filter>
    </ClCompile>
    <ClCompile Include="..\..\src\ui\sprite.cpp">
      <Filter>ui</Filter>
    </ClCompile>
    <ClCompile Include="..\..\src\ui\roomscene.cpp">
      <Filter>ui</Filter>
    </ClCompile>
    <ClCompile Include="..\..\src\util\detector.cpp">
      <Filter>util</Filter>
    </ClCompile>
    <ClCompile Include="..\..\src\util\recorder.cpp">
      <Filter>util</Filter>
    </ClCompile>
    <ClCompile Include="..\..\src\util\nativesocket.cpp">
      <Filter>util</Filter>
    </ClCompile>
    <ClCompile Include="..\..\src\ui\rolecombobox.cpp">
      <Filter>ui</Filter>
    </ClCompile>
    <ClCompile Include="..\..\src\dialog\scenario-overview.cpp">
      <Filter>dialog</Filter>
    </ClCompile>
    <ClCompile Include="..\..\src\server\ai.cpp">
      <Filter>server</Filter>
    </ClCompile>
    <ClCompile Include="..\..\src\server\serverplayer.cpp">
      <Filter>server</Filter>
    </ClCompile>
    <ClCompile Include="..\..\src\server\contestdb.cpp">
      <Filter>server</Filter>
    </ClCompile>
    <ClCompile Include="..\..\src\server\gamerule.cpp">
      <Filter>server</Filter>
    </ClCompile>
    <ClCompile Include="..\..\src\server\generalselector.cpp">
      <Filter>server</Filter>
    </ClCompile>
    <ClCompile Include="..\..\src\main.cpp">
      <Filter>server</Filter>
    </ClCompile>
    <ClCompile Include="..\..\src\server\room.cpp">
      <Filter>server</Filter>
    </ClCompile>
    <ClCompile Include="..\..\src\server\roomthread.cpp">
      <Filter>server</Filter>
    </ClCompile>
    <ClCompile Include="..\..\src\server\roomthread1v1.cpp">
      <Filter>server</Filter>
    </ClCompile>
    <ClCompile Include="..\..\src\server\roomthread3v3.cpp">
      <Filter>server</Filter>
    </ClCompile>
    <ClCompile Include="..\..\src\server\server.cpp">
      <Filter>server</Filter>
    </ClCompile>
    <ClCompile Include="..\..\src\core\protocol.cpp">
      <Filter>core</Filter>
    </ClCompile>
    <ClCompile Include="..\..\src\core\jsonutils.cpp">
      <Filter>core</Filter>
    </ClCompile>
    <ClCompile Include="..\..\src\core\util.cpp">
      <Filter>core</Filter>
    </ClCompile>
    <ClCompile Include="..\..\src\ui\TimedProgressBar.cpp">
      <Filter>ui</Filter>
    </ClCompile>
    <ClCompile Include="Debug\moc_TimedProgressBar.cpp">
      <Filter>Generated Files\Debug</Filter>
    </ClCompile>
    <ClCompile Include="Release\moc_TimedProgressBar.cpp">
      <Filter>Generated Files\Release</Filter>
    </ClCompile>
    <ClCompile Include="..\..\src\ui\GeneralCardContainerUI.cpp">
      <Filter>ui</Filter>
    </ClCompile>
    <ClCompile Include="..\..\src\ui\DiscardPile.cpp">
      <Filter>ui</Filter>
    </ClCompile>
    <ClCompile Include="Debug\moc_DiscardPile.cpp">
      <Filter>Generated Files\Debug</Filter>
    </ClCompile>
    <ClCompile Include="Release\moc_DiscardPile.cpp">
      <Filter>Generated Files\Release</Filter>
    </ClCompile>
    <ClCompile Include="Debug\moc_GeneralCardContainerUI.cpp">
      <Filter>Generated Files\Debug</Filter>
    </ClCompile>
    <ClCompile Include="Release\moc_GeneralCardContainerUI.cpp">
      <Filter>Generated Files\Release</Filter>
    </ClCompile>
    <ClCompile Include="..\..\src\core\structs.cpp">
      <Filter>core</Filter>
    </ClCompile>
    <ClCompile Include="..\..\src\ui\SkinBank.cpp">
      <Filter>ui</Filter>
    </ClCompile>
    <ClCompile Include="..\..\src\ui\uiUtils.cpp">
      <Filter>ui</Filter>
    </ClCompile>
  </ItemGroup>
  <ItemGroup>
    <CustomBuild Include="..\..\src\server\ai.h">
      <Filter>server</Filter>
    </CustomBuild>
    <CustomBuild Include="..\..\src\server\contestdb.h">
      <Filter>server</Filter>
    </CustomBuild>
    <CustomBuild Include="..\..\src\server\gamerule.h">
      <Filter>server</Filter>
    </CustomBuild>
    <CustomBuild Include="..\..\src\server\generalselector.h">
      <Filter>server</Filter>
    </CustomBuild>
    <CustomBuild Include="..\..\src\server\room.h">
      <Filter>server</Filter>
    </CustomBuild>
    <CustomBuild Include="..\..\src\server\roomthread.h">
      <Filter>server</Filter>
    </CustomBuild>
    <CustomBuild Include="..\..\src\server\roomthread1v1.h">
      <Filter>server</Filter>
    </CustomBuild>
    <CustomBuild Include="..\..\src\server\roomthread3v3.h">
      <Filter>server</Filter>
    </CustomBuild>
    <CustomBuild Include="..\..\src\server\server.h">
      <Filter>server</Filter>
    </CustomBuild>
    <CustomBuild Include="..\..\src\server\serverplayer.h">
      <Filter>server</Filter>
    </CustomBuild>
    <CustomBuild Include="..\..\src\client\aux-skills.h">
      <Filter>client</Filter>
    </CustomBuild>
    <CustomBuild Include="..\..\src\client\client.h">
      <Filter>client</Filter>
    </CustomBuild>
    <CustomBuild Include="..\..\src\client\clientplayer.h">
      <Filter>client</Filter>
    </CustomBuild>
    <CustomBuild Include="..\..\src\client\clientstruct.h">
      <Filter>client</Filter>
    </CustomBuild>
    <CustomBuild Include="..\..\src\core\card.h">
      <Filter>core</Filter>
    </CustomBuild>
    <CustomBuild Include="..\..\src\core\engine.h">
      <Filter>core</Filter>
    </CustomBuild>
    <CustomBuild Include="..\..\src\core\general.h">
      <Filter>core</Filter>
    </CustomBuild>
    <CustomBuild Include="..\..\src\core\lua-wrapper.h">
      <Filter>core</Filter>
    </CustomBuild>
    <CustomBuild Include="..\..\src\core\player.h">
      <Filter>core</Filter>
    </CustomBuild>
    <CustomBuild Include="..\..\src\core\settings.h">
      <Filter>core</Filter>
    </CustomBuild>
    <CustomBuild Include="..\..\src\core\skill.h">
      <Filter>core</Filter>
    </CustomBuild>
    <CustomBuild Include="..\..\src\dialog\cardeditor.h">
      <Filter>dialog</Filter>
    </CustomBuild>
    <CustomBuild Include="..\..\src\dialog\cardoverview.h">
      <Filter>dialog</Filter>
    </CustomBuild>
    <CustomBuild Include="..\..\src\dialog\choosegeneraldialog.h">
      <Filter>dialog</Filter>
    </CustomBuild>
    <CustomBuild Include="..\..\src\dialog\configdialog.h">
      <Filter>dialog</Filter>
    </CustomBuild>
    <CustomBuild Include="..\..\src\dialog\connectiondialog.h">
      <Filter>dialog</Filter>
    </CustomBuild>
    <CustomBuild Include="..\..\src\dialog\distanceviewdialog.h">
      <Filter>dialog</Filter>
    </CustomBuild>
    <CustomBuild Include="..\..\src\dialog\generaloverview.h">
      <Filter>dialog</Filter>
    </CustomBuild>
    <CustomBuild Include="..\..\src\dialog\halldialog.h">
      <Filter>dialog</Filter>
    </CustomBuild>
    <CustomBuild Include="..\..\src\dialog\mainwindow.h">
      <Filter>dialog</Filter>
    </CustomBuild>
    <CustomBuild Include="..\..\src\dialog\packagingeditor.h">
      <Filter>dialog</Filter>
    </CustomBuild>
    <CustomBuild Include="..\..\src\dialog\playercarddialog.h">
      <Filter>dialog</Filter>
    </CustomBuild>
    <CustomBuild Include="..\..\src\dialog\roleassigndialog.h">
      <Filter>dialog</Filter>
    </CustomBuild>
    <CustomBuild Include="..\..\src\dialog\scenario-overview.h">
      <Filter>dialog</Filter>
    </CustomBuild>
    <CustomBuild Include="..\..\src\package\bgm-package.h">
      <Filter>package</Filter>
    </CustomBuild>
    <CustomBuild Include="..\..\src\package\special3v3-package.h">
      <Filter>package</Filter>
    </CustomBuild>
    <CustomBuild Include="..\..\src\package\standard-equips.h">
      <Filter>package</Filter>
    </CustomBuild>
    <CustomBuild Include="..\..\src\package\standard-skillcards.h">
      <Filter>package</Filter>
    </CustomBuild>
    <CustomBuild Include="..\..\src\package\standard.h">
      <Filter>package</Filter>
    </CustomBuild>
    <CustomBuild Include="..\..\src\package\wind.h">
      <Filter>package</Filter>
    </CustomBuild>
    <CustomBuild Include="..\..\src\package\wisdompackage.h">
      <Filter>package</Filter>
    </CustomBuild>
    <CustomBuild Include="..\..\src\package\yitianpackage.h">
      <Filter>package</Filter>
    </CustomBuild>
    <CustomBuild Include="..\..\src\package\yjcm-package.h">
      <Filter>package</Filter>
    </CustomBuild>
    <CustomBuild Include="..\..\src\package\yjcm2012-package.h">
      <Filter>package</Filter>
    </CustomBuild>
    <CustomBuild Include="..\..\src\package\thicket.h">
      <Filter>package</Filter>
    </CustomBuild>
    <CustomBuild Include="..\..\src\package\mountainpackage.h">
      <Filter>package</Filter>
    </CustomBuild>
    <CustomBuild Include="..\..\src\package\maneuvering.h">
      <Filter>package</Filter>
    </CustomBuild>
    <CustomBuild Include="..\..\src\package\joypackage.h">
      <Filter>package</Filter>
    </CustomBuild>
    <CustomBuild Include="..\..\src\package\god.h">
      <Filter>package</Filter>
    </CustomBuild>
    <CustomBuild Include="..\..\src\package\firepackage.h">
      <Filter>package</Filter>
    </CustomBuild>
    <CustomBuild Include="..\..\src\package\sp-package.h">
      <Filter>package</Filter>
    </CustomBuild>
    <CustomBuild Include="..\..\src\package\package.h">
      <Filter>package</Filter>
    </CustomBuild>
    <CustomBuild Include="..\..\src\scenario\zombie-mode-scenario.h">
      <Filter>scenario</Filter>
    </CustomBuild>
    <CustomBuild Include="..\..\src\scenario\boss-mode-scenario.h">
      <Filter>scenario</Filter>
    </CustomBuild>
    <CustomBuild Include="..\..\src\scenario\couple-scenario.h">
      <Filter>scenario</Filter>
    </CustomBuild>
    <CustomBuild Include="..\..\src\scenario\scenario.h">
      <Filter>scenario</Filter>
    </CustomBuild>
    <CustomBuild Include="..\..\src\scenario\miniscenarios.h">
      <Filter>scenario</Filter>
    </CustomBuild>
    <CustomBuild Include="..\..\src\scenario\fancheng-scenario.h">
      <Filter>scenario</Filter>
    </CustomBuild>
    <CustomBuild Include="..\..\src\scenario\guandu-scenario.h">
      <Filter>scenario</Filter>
    </CustomBuild>
    <CustomBuild Include="..\..\src\ui\button.h">
      <Filter>ui</Filter>
    </CustomBuild>
    <CustomBuild Include="..\..\src\ui\cardcontainer.h">
      <Filter>ui</Filter>
    </CustomBuild>
    <CustomBuild Include="..\..\src\ui\carditem.h">
      <Filter>ui</Filter>
    </CustomBuild>
    <CustomBuild Include="..\..\src\ui\chatwidget.h">
      <Filter>ui</Filter>
    </CustomBuild>
    <CustomBuild Include="..\..\src\ui\clientlogbox.h">
      <Filter>ui</Filter>
    </CustomBuild>
    <CustomBuild Include="..\..\src\ui\dashboard.h">
      <Filter>ui</Filter>
    </CustomBuild>
    <CustomBuild Include="..\..\src\ui\indicatoritem.h">
      <Filter>ui</Filter>
    </CustomBuild>
    <CustomBuild Include="..\..\src\ui\irregularbutton.h">
      <Filter>ui</Filter>
    </CustomBuild>
    <CustomBuild Include="..\..\src\ui\photo.h">
      <Filter>ui</Filter>
    </CustomBuild>
    <CustomBuild Include="..\..\src\ui\pixmap.h">
      <Filter>ui</Filter>
    </CustomBuild>
    <CustomBuild Include="..\..\src\ui\pixmapanimation.h">
      <Filter>ui</Filter>
    </CustomBuild>
    <CustomBuild Include="..\..\src\ui\roomscene.h">
      <Filter>ui</Filter>
    </CustomBuild>
    <CustomBuild Include="..\..\src\ui\sprite.h">
      <Filter>ui</Filter>
    </CustomBuild>
    <CustomBuild Include="..\..\src\ui\startscene.h">
      <Filter>ui</Filter>
    </CustomBuild>
    <CustomBuild Include="..\..\src\ui\window.h">
      <Filter>ui</Filter>
    </CustomBuild>
    <CustomBuild Include="..\..\src\package\nostalgia.h">
      <Filter>package</Filter>
    </CustomBuild>
    <CustomBuild Include="..\..\src\util\socket.h">
      <Filter>util</Filter>
    </CustomBuild>
    <CustomBuild Include="..\..\src\util\detector.h">
      <Filter>util</Filter>
    </CustomBuild>
    <CustomBuild Include="..\..\src\util\nativesocket.h">
      <Filter>util</Filter>
    </CustomBuild>
    <CustomBuild Include="..\..\src\util\recorder.h">
      <Filter>util</Filter>
    </CustomBuild>
    <CustomBuild Include="..\..\src\ui\rolecombobox.h">
      <Filter>ui</Filter>
    </CustomBuild>
    <CustomBuild Include="..\..\src\dialog\customassigndialog.h">
      <Filter>dialog</Filter>
    </CustomBuild>
    <CustomBuild Include="..\..\src\ui\TimedProgressBar.h">
      <Filter>ui</Filter>
    </CustomBuild>
    <CustomBuild Include="..\..\src\ui\DiscardPile.h">
      <Filter>ui</Filter>
    </CustomBuild>
    <CustomBuild Include="..\..\src\ui\GeneralCardContainerUI.h">
      <Filter>ui</Filter>
    </CustomBuild>
  </ItemGroup>
  <ItemGroup>
    <ClCompile Include="debug\moc_ai.cpp">
      <Filter>Generated Files</Filter>
    </ClCompile>
    <ClCompile Include="release\moc_ai.cpp">
      <Filter>Generated Files</Filter>
    </ClCompile>
    <ClCompile Include="debug\moc_aux-skills.cpp">
      <Filter>Generated Files</Filter>
    </ClCompile>
    <ClCompile Include="release\moc_aux-skills.cpp">
      <Filter>Generated Files</Filter>
    </ClCompile>
    <ClCompile Include="debug\moc_bgm-package.cpp">
      <Filter>Generated Files</Filter>
    </ClCompile>
    <ClCompile Include="release\moc_bgm-package.cpp">
      <Filter>Generated Files</Filter>
    </ClCompile>
    <ClCompile Include="debug\moc_boss-mode-scenario.cpp">
      <Filter>Generated Files</Filter>
    </ClCompile>
    <ClCompile Include="release\moc_boss-mode-scenario.cpp">
      <Filter>Generated Files</Filter>
    </ClCompile>
    <ClCompile Include="debug\moc_button.cpp">
      <Filter>Generated Files</Filter>
    </ClCompile>
    <ClCompile Include="release\moc_button.cpp">
      <Filter>Generated Files</Filter>
    </ClCompile>
    <ClCompile Include="debug\moc_card.cpp">
      <Filter>Generated Files</Filter>
    </ClCompile>
    <ClCompile Include="release\moc_card.cpp">
      <Filter>Generated Files</Filter>
    </ClCompile>
    <ClCompile Include="debug\moc_cardcontainer.cpp">
      <Filter>Generated Files</Filter>
    </ClCompile>
    <ClCompile Include="release\moc_cardcontainer.cpp">
      <Filter>Generated Files</Filter>
    </ClCompile>
    <ClCompile Include="debug\moc_cardeditor.cpp">
      <Filter>Generated Files</Filter>
    </ClCompile>
    <ClCompile Include="release\moc_cardeditor.cpp">
      <Filter>Generated Files</Filter>
    </ClCompile>
    <ClCompile Include="debug\moc_carditem.cpp">
      <Filter>Generated Files</Filter>
    </ClCompile>
    <ClCompile Include="release\moc_carditem.cpp">
      <Filter>Generated Files</Filter>
    </ClCompile>
    <ClCompile Include="debug\moc_cardoverview.cpp">
      <Filter>Generated Files</Filter>
    </ClCompile>
    <ClCompile Include="release\moc_cardoverview.cpp">
      <Filter>Generated Files</Filter>
    </ClCompile>
    <ClCompile Include="debug\moc_chatwidget.cpp">
      <Filter>Generated Files</Filter>
    </ClCompile>
    <ClCompile Include="release\moc_chatwidget.cpp">
      <Filter>Generated Files</Filter>
    </ClCompile>
    <ClCompile Include="debug\moc_choosegeneraldialog.cpp">
      <Filter>Generated Files</Filter>
    </ClCompile>
    <ClCompile Include="release\moc_choosegeneraldialog.cpp">
      <Filter>Generated Files</Filter>
    </ClCompile>
    <ClCompile Include="debug\moc_client.cpp">
      <Filter>Generated Files</Filter>
    </ClCompile>
    <ClCompile Include="release\moc_client.cpp">
      <Filter>Generated Files</Filter>
    </ClCompile>
    <ClCompile Include="debug\moc_clientlogbox.cpp">
      <Filter>Generated Files</Filter>
    </ClCompile>
    <ClCompile Include="release\moc_clientlogbox.cpp">
      <Filter>Generated Files</Filter>
    </ClCompile>
    <ClCompile Include="debug\moc_clientplayer.cpp">
      <Filter>Generated Files</Filter>
    </ClCompile>
    <ClCompile Include="release\moc_clientplayer.cpp">
      <Filter>Generated Files</Filter>
    </ClCompile>
    <ClCompile Include="debug\moc_clientstruct.cpp">
      <Filter>Generated Files</Filter>
    </ClCompile>
    <ClCompile Include="release\moc_clientstruct.cpp">
      <Filter>Generated Files</Filter>
    </ClCompile>
    <ClCompile Include="debug\moc_configdialog.cpp">
      <Filter>Generated Files</Filter>
    </ClCompile>
    <ClCompile Include="release\moc_configdialog.cpp">
      <Filter>Generated Files</Filter>
    </ClCompile>
    <ClCompile Include="debug\moc_connectiondialog.cpp">
      <Filter>Generated Files</Filter>
    </ClCompile>
    <ClCompile Include="release\moc_connectiondialog.cpp">
      <Filter>Generated Files</Filter>
    </ClCompile>
    <ClCompile Include="debug\moc_contestdb.cpp">
      <Filter>Generated Files</Filter>
    </ClCompile>
    <ClCompile Include="release\moc_contestdb.cpp">
      <Filter>Generated Files</Filter>
    </ClCompile>
    <ClCompile Include="debug\moc_couple-scenario.cpp">
      <Filter>Generated Files</Filter>
    </ClCompile>
    <ClCompile Include="release\moc_couple-scenario.cpp">
      <Filter>Generated Files</Filter>
    </ClCompile>
    <ClCompile Include="debug\moc_customassigndialog.cpp">
      <Filter>Generated Files</Filter>
    </ClCompile>
    <ClCompile Include="release\moc_customassigndialog.cpp">
      <Filter>Generated Files</Filter>
    </ClCompile>
    <ClCompile Include="debug\moc_dashboard.cpp">
      <Filter>Generated Files</Filter>
    </ClCompile>
    <ClCompile Include="release\moc_dashboard.cpp">
      <Filter>Generated Files</Filter>
    </ClCompile>
    <ClCompile Include="debug\moc_detector.cpp">
      <Filter>Generated Files</Filter>
    </ClCompile>
    <ClCompile Include="release\moc_detector.cpp">
      <Filter>Generated Files</Filter>
    </ClCompile>
    <ClCompile Include="debug\moc_distanceviewdialog.cpp">
      <Filter>Generated Files</Filter>
    </ClCompile>
    <ClCompile Include="release\moc_distanceviewdialog.cpp">
      <Filter>Generated Files</Filter>
    </ClCompile>
    <ClCompile Include="debug\moc_engine.cpp">
      <Filter>Generated Files</Filter>
    </ClCompile>
    <ClCompile Include="release\moc_engine.cpp">
      <Filter>Generated Files</Filter>
    </ClCompile>
    <ClCompile Include="debug\moc_fancheng-scenario.cpp">
      <Filter>Generated Files</Filter>
    </ClCompile>
    <ClCompile Include="release\moc_fancheng-scenario.cpp">
      <Filter>Generated Files</Filter>
    </ClCompile>
    <ClCompile Include="debug\moc_firepackage.cpp">
      <Filter>Generated Files</Filter>
    </ClCompile>
    <ClCompile Include="release\moc_firepackage.cpp">
      <Filter>Generated Files</Filter>
    </ClCompile>
    <ClCompile Include="debug\moc_gamerule.cpp">
      <Filter>Generated Files</Filter>
    </ClCompile>
    <ClCompile Include="release\moc_gamerule.cpp">
      <Filter>Generated Files</Filter>
    </ClCompile>
    <ClCompile Include="debug\moc_general.cpp">
      <Filter>Generated Files</Filter>
    </ClCompile>
    <ClCompile Include="release\moc_general.cpp">
      <Filter>Generated Files</Filter>
    </ClCompile>
    <ClCompile Include="debug\moc_generaloverview.cpp">
      <Filter>Generated Files</Filter>
    </ClCompile>
    <ClCompile Include="release\moc_generaloverview.cpp">
      <Filter>Generated Files</Filter>
    </ClCompile>
    <ClCompile Include="debug\moc_generalselector.cpp">
      <Filter>Generated Files</Filter>
    </ClCompile>
    <ClCompile Include="release\moc_generalselector.cpp">
      <Filter>Generated Files</Filter>
    </ClCompile>
    <ClCompile Include="debug\moc_god.cpp">
      <Filter>Generated Files</Filter>
    </ClCompile>
    <ClCompile Include="release\moc_god.cpp">
      <Filter>Generated Files</Filter>
    </ClCompile>
    <ClCompile Include="debug\moc_guandu-scenario.cpp">
      <Filter>Generated Files</Filter>
    </ClCompile>
    <ClCompile Include="release\moc_guandu-scenario.cpp">
      <Filter>Generated Files</Filter>
    </ClCompile>
    <ClCompile Include="debug\moc_halldialog.cpp">
      <Filter>Generated Files</Filter>
    </ClCompile>
    <ClCompile Include="release\moc_halldialog.cpp">
      <Filter>Generated Files</Filter>
    </ClCompile>
    <ClCompile Include="debug\moc_indicatoritem.cpp">
      <Filter>Generated Files</Filter>
    </ClCompile>
    <ClCompile Include="release\moc_indicatoritem.cpp">
      <Filter>Generated Files</Filter>
    </ClCompile>
    <ClCompile Include="debug\moc_irregularbutton.cpp">
      <Filter>Generated Files</Filter>
    </ClCompile>
    <ClCompile Include="release\moc_irregularbutton.cpp">
      <Filter>Generated Files</Filter>
    </ClCompile>
    <ClCompile Include="debug\moc_joypackage.cpp">
      <Filter>Generated Files</Filter>
    </ClCompile>
    <ClCompile Include="release\moc_joypackage.cpp">
      <Filter>Generated Files</Filter>
    </ClCompile>
    <ClCompile Include="debug\moc_lua-wrapper.cpp">
      <Filter>Generated Files</Filter>
    </ClCompile>
    <ClCompile Include="release\moc_lua-wrapper.cpp">
      <Filter>Generated Files</Filter>
    </ClCompile>
    <ClCompile Include="debug\moc_mainwindow.cpp">
      <Filter>Generated Files</Filter>
    </ClCompile>
    <ClCompile Include="release\moc_mainwindow.cpp">
      <Filter>Generated Files</Filter>
    </ClCompile>
    <ClCompile Include="debug\moc_maneuvering.cpp">
      <Filter>Generated Files</Filter>
    </ClCompile>
    <ClCompile Include="release\moc_maneuvering.cpp">
      <Filter>Generated Files</Filter>
    </ClCompile>
    <ClCompile Include="debug\moc_miniscenarios.cpp">
      <Filter>Generated Files</Filter>
    </ClCompile>
    <ClCompile Include="release\moc_miniscenarios.cpp">
      <Filter>Generated Files</Filter>
    </ClCompile>
    <ClCompile Include="debug\moc_mountainpackage.cpp">
      <Filter>Generated Files</Filter>
    </ClCompile>
    <ClCompile Include="release\moc_mountainpackage.cpp">
      <Filter>Generated Files</Filter>
    </ClCompile>
    <ClCompile Include="debug\moc_nativesocket.cpp">
      <Filter>Generated Files</Filter>
    </ClCompile>
    <ClCompile Include="release\moc_nativesocket.cpp">
      <Filter>Generated Files</Filter>
    </ClCompile>
    <ClCompile Include="debug\moc_nostalgia.cpp">
      <Filter>Generated Files</Filter>
    </ClCompile>
    <ClCompile Include="release\moc_nostalgia.cpp">
      <Filter>Generated Files</Filter>
    </ClCompile>
    <ClCompile Include="debug\moc_package.cpp">
      <Filter>Generated Files</Filter>
    </ClCompile>
    <ClCompile Include="release\moc_package.cpp">
      <Filter>Generated Files</Filter>
    </ClCompile>
    <ClCompile Include="debug\moc_packagingeditor.cpp">
      <Filter>Generated Files</Filter>
    </ClCompile>
    <ClCompile Include="release\moc_packagingeditor.cpp">
      <Filter>Generated Files</Filter>
    </ClCompile>
    <ClCompile Include="debug\moc_photo.cpp">
      <Filter>Generated Files</Filter>
    </ClCompile>
    <ClCompile Include="release\moc_photo.cpp">
      <Filter>Generated Files</Filter>
    </ClCompile>
    <ClCompile Include="debug\moc_pixmap.cpp">
      <Filter>Generated Files</Filter>
    </ClCompile>
    <ClCompile Include="release\moc_pixmap.cpp">
      <Filter>Generated Files</Filter>
    </ClCompile>
    <ClCompile Include="debug\moc_pixmapanimation.cpp">
      <Filter>Generated Files</Filter>
    </ClCompile>
    <ClCompile Include="release\moc_pixmapanimation.cpp">
      <Filter>Generated Files</Filter>
    </ClCompile>
    <ClCompile Include="debug\moc_player.cpp">
      <Filter>Generated Files</Filter>
    </ClCompile>
    <ClCompile Include="release\moc_player.cpp">
      <Filter>Generated Files</Filter>
    </ClCompile>
    <ClCompile Include="debug\moc_playercarddialog.cpp">
      <Filter>Generated Files</Filter>
    </ClCompile>
    <ClCompile Include="release\moc_playercarddialog.cpp">
      <Filter>Generated Files</Filter>
    </ClCompile>
    <ClCompile Include="debug\moc_recorder.cpp">
      <Filter>Generated Files</Filter>
    </ClCompile>
    <ClCompile Include="release\moc_recorder.cpp">
      <Filter>Generated Files</Filter>
    </ClCompile>
    <ClCompile Include="debug\moc_roleassigndialog.cpp">
      <Filter>Generated Files</Filter>
    </ClCompile>
    <ClCompile Include="release\moc_roleassigndialog.cpp">
      <Filter>Generated Files</Filter>
    </ClCompile>
    <ClCompile Include="debug\moc_rolecombobox.cpp">
      <Filter>Generated Files</Filter>
    </ClCompile>
    <ClCompile Include="release\moc_rolecombobox.cpp">
      <Filter>Generated Files</Filter>
    </ClCompile>
    <ClCompile Include="debug\moc_room.cpp">
      <Filter>Generated Files</Filter>
    </ClCompile>
    <ClCompile Include="release\moc_room.cpp">
      <Filter>Generated Files</Filter>
    </ClCompile>
    <ClCompile Include="debug\moc_roomscene.cpp">
      <Filter>Generated Files</Filter>
    </ClCompile>
    <ClCompile Include="release\moc_roomscene.cpp">
      <Filter>Generated Files</Filter>
    </ClCompile>
    <ClCompile Include="debug\moc_roomthread.cpp">
      <Filter>Generated Files</Filter>
    </ClCompile>
    <ClCompile Include="release\moc_roomthread.cpp">
      <Filter>Generated Files</Filter>
    </ClCompile>
    <ClCompile Include="debug\moc_roomthread1v1.cpp">
      <Filter>Generated Files</Filter>
    </ClCompile>
    <ClCompile Include="release\moc_roomthread1v1.cpp">
      <Filter>Generated Files</Filter>
    </ClCompile>
    <ClCompile Include="debug\moc_roomthread3v3.cpp">
      <Filter>Generated Files</Filter>
    </ClCompile>
    <ClCompile Include="release\moc_roomthread3v3.cpp">
      <Filter>Generated Files</Filter>
    </ClCompile>
    <ClCompile Include="debug\moc_scenario-overview.cpp">
      <Filter>Generated Files</Filter>
    </ClCompile>
    <ClCompile Include="release\moc_scenario-overview.cpp">
      <Filter>Generated Files</Filter>
    </ClCompile>
    <ClCompile Include="debug\moc_scenario.cpp">
      <Filter>Generated Files</Filter>
    </ClCompile>
    <ClCompile Include="release\moc_scenario.cpp">
      <Filter>Generated Files</Filter>
    </ClCompile>
    <ClCompile Include="debug\moc_server.cpp">
      <Filter>Generated Files</Filter>
    </ClCompile>
    <ClCompile Include="release\moc_server.cpp">
      <Filter>Generated Files</Filter>
    </ClCompile>
    <ClCompile Include="debug\moc_serverplayer.cpp">
      <Filter>Generated Files</Filter>
    </ClCompile>
    <ClCompile Include="release\moc_serverplayer.cpp">
      <Filter>Generated Files</Filter>
    </ClCompile>
    <ClCompile Include="debug\moc_settings.cpp">
      <Filter>Generated Files</Filter>
    </ClCompile>
    <ClCompile Include="release\moc_settings.cpp">
      <Filter>Generated Files</Filter>
    </ClCompile>
    <ClCompile Include="debug\moc_skill.cpp">
      <Filter>Generated Files</Filter>
    </ClCompile>
    <ClCompile Include="release\moc_skill.cpp">
      <Filter>Generated Files</Filter>
    </ClCompile>
    <ClCompile Include="debug\moc_socket.cpp">
      <Filter>Generated Files</Filter>
    </ClCompile>
    <ClCompile Include="release\moc_socket.cpp">
      <Filter>Generated Files</Filter>
    </ClCompile>
    <ClCompile Include="debug\moc_sp-package.cpp">
      <Filter>Generated Files</Filter>
    </ClCompile>
    <ClCompile Include="release\moc_sp-package.cpp">
      <Filter>Generated Files</Filter>
    </ClCompile>
    <ClCompile Include="debug\moc_special3v3-package.cpp">
      <Filter>Generated Files</Filter>
    </ClCompile>
    <ClCompile Include="release\moc_special3v3-package.cpp">
      <Filter>Generated Files</Filter>
    </ClCompile>
    <ClCompile Include="debug\moc_sprite.cpp">
      <Filter>Generated Files</Filter>
    </ClCompile>
    <ClCompile Include="release\moc_sprite.cpp">
      <Filter>Generated Files</Filter>
    </ClCompile>
    <ClCompile Include="debug\moc_standard-equips.cpp">
      <Filter>Generated Files</Filter>
    </ClCompile>
    <ClCompile Include="release\moc_standard-equips.cpp">
      <Filter>Generated Files</Filter>
    </ClCompile>
    <ClCompile Include="debug\moc_standard-skillcards.cpp">
      <Filter>Generated Files</Filter>
    </ClCompile>
    <ClCompile Include="release\moc_standard-skillcards.cpp">
      <Filter>Generated Files</Filter>
    </ClCompile>
    <ClCompile Include="debug\moc_standard.cpp">
      <Filter>Generated Files</Filter>
    </ClCompile>
    <ClCompile Include="release\moc_standard.cpp">
      <Filter>Generated Files</Filter>
    </ClCompile>
    <ClCompile Include="debug\moc_startscene.cpp">
      <Filter>Generated Files</Filter>
    </ClCompile>
    <ClCompile Include="release\moc_startscene.cpp">
      <Filter>Generated Files</Filter>
    </ClCompile>
    <ClCompile Include="debug\moc_thicket.cpp">
      <Filter>Generated Files</Filter>
    </ClCompile>
    <ClCompile Include="release\moc_thicket.cpp">
      <Filter>Generated Files</Filter>
    </ClCompile>
    <ClCompile Include="debug\moc_wind.cpp">
      <Filter>Generated Files</Filter>
    </ClCompile>
    <ClCompile Include="release\moc_wind.cpp">
      <Filter>Generated Files</Filter>
    </ClCompile>
    <ClCompile Include="debug\moc_window.cpp">
      <Filter>Generated Files</Filter>
    </ClCompile>
    <ClCompile Include="release\moc_window.cpp">
      <Filter>Generated Files</Filter>
    </ClCompile>
    <ClCompile Include="debug\moc_wisdompackage.cpp">
      <Filter>Generated Files</Filter>
    </ClCompile>
    <ClCompile Include="release\moc_wisdompackage.cpp">
      <Filter>Generated Files</Filter>
    </ClCompile>
    <ClCompile Include="debug\moc_yitianpackage.cpp">
      <Filter>Generated Files</Filter>
    </ClCompile>
    <ClCompile Include="release\moc_yitianpackage.cpp">
      <Filter>Generated Files</Filter>
    </ClCompile>
    <ClCompile Include="debug\moc_yjcm-package.cpp">
      <Filter>Generated Files</Filter>
    </ClCompile>
    <ClCompile Include="release\moc_yjcm-package.cpp">
      <Filter>Generated Files</Filter>
    </ClCompile>
    <ClCompile Include="debug\moc_yjcm2012-package.cpp">
      <Filter>Generated Files</Filter>
    </ClCompile>
    <ClCompile Include="release\moc_yjcm2012-package.cpp">
      <Filter>Generated Files</Filter>
    </ClCompile>
    <ClCompile Include="debug\moc_zombie-mode-scenario.cpp">
      <Filter>Generated Files</Filter>
    </ClCompile>
    <ClCompile Include="release\moc_zombie-mode-scenario.cpp">
      <Filter>Generated Files</Filter>
    </ClCompile>
    <CustomBuild Include="debug\scenerule.moc">
      <Filter>Generated Files</Filter>
    </CustomBuild>
    <CustomBuild Include="release\scenerule.moc">
      <Filter>Generated Files</Filter>
    </CustomBuild>
  </ItemGroup>
  <ItemGroup>
    <None Include="..\..\swig\sanguosha.i">
      <Filter>Swig Files</Filter>
    </None>
    <None Include="sanguosha.ts">
      <Filter>Translation Files</Filter>
    </None>
    <None Include="..\..\swig\ai.i">
      <Filter>Swig Files</Filter>
    </None>
    <None Include="..\..\swig\card.i">
      <Filter>Swig Files</Filter>
    </None>
    <None Include="..\..\swig\list.i">
      <Filter>Swig Files</Filter>
    </None>
    <None Include="..\..\swig\luaskills.i">
      <Filter>Swig Files</Filter>
    </None>
    <None Include="..\..\swig\native.i">
      <Filter>Swig Files</Filter>
    </None>
    <None Include="..\..\swig\naturalvar.i">
      <Filter>Swig Files</Filter>
    </None>
    <None Include="..\..\swig\qvariant.i">
      <Filter>Swig Files</Filter>
    </None>
  </ItemGroup>
  <ItemGroup>
    <CustomBuild Include="..\..\src\dialog\cardoverview.ui">
      <Filter>ui\form</Filter>
    </CustomBuild>
    <CustomBuild Include="..\..\src\dialog\configdialog.ui">
      <Filter>ui\form</Filter>
    </CustomBuild>
    <CustomBuild Include="..\..\src\dialog\connectiondialog.ui">
      <Filter>ui\form</Filter>
    </CustomBuild>
    <CustomBuild Include="..\..\src\dialog\generaloverview.ui">
      <Filter>ui\form</Filter>
    </CustomBuild>
    <CustomBuild Include="..\..\src\dialog\mainwindow.ui">
      <Filter>ui\form</Filter>
    </CustomBuild>
  </ItemGroup>
  <ItemGroup>
    <ResourceCompile Include="..\..\resource\icon.rc" />
  </ItemGroup>
  <ItemGroup>
    <ClInclude Include="GeneratedFiles\ui_cardoverview.h">
      <Filter>Generated Files</Filter>
    </ClInclude>
    <ClInclude Include="GeneratedFiles\ui_configdialog.h">
      <Filter>Generated Files</Filter>
    </ClInclude>
    <ClInclude Include="GeneratedFiles\ui_connectiondialog.h">
      <Filter>Generated Files</Filter>
    </ClInclude>
    <ClInclude Include="GeneratedFiles\ui_generaloverview.h">
      <Filter>Generated Files</Filter>
    </ClInclude>
    <ClInclude Include="GeneratedFiles\ui_mainwindow.h">
      <Filter>Generated Files</Filter>
    </ClInclude>
    <ClInclude Include="..\..\src\core\audio.h">
      <Filter>core</Filter>
    </ClInclude>
    <ClInclude Include="..\..\src\core\banpair.h">
      <Filter>core</Filter>
    </ClInclude>
    <ClInclude Include="..\..\src\core\statistics.h">
      <Filter>core</Filter>
    </ClInclude>
    <ClInclude Include="..\..\src\package\exppattern.h">
      <Filter>package</Filter>
    </ClInclude>
    <ClInclude Include="..\..\src\scenario\scenerule.h">
      <Filter>scenario</Filter>
    </ClInclude>
    <ClInclude Include="..\..\src\core\protocol.h">
      <Filter>core</Filter>
    </ClInclude>
    <ClInclude Include="..\..\src\core\jsonutils.h">
      <Filter>core</Filter>
    </ClInclude>
    <ClInclude Include="..\..\src\core\structs.h">
      <Filter>core</Filter>
    </ClInclude>
    <ClInclude Include="..\..\src\ui\SkinBank.h">
      <Filter>ui</Filter>
    </ClInclude>
    <ClInclude Include="..\..\src\core\compiler-specific.h">
      <Filter>core</Filter>
    </ClInclude>
    <ClInclude Include="..\..\src\ui\uiUtils.h">
      <Filter>ui</Filter>
    </ClInclude>
  </ItemGroup>
</Project>