<?xml version="1.0" encoding="utf-8"?>
<Project ToolsVersion="4.0" xmlns="http://schemas.microsoft.com/developer/msbuild/2003">
  <ItemGroup>
    <Filter Include="Form Files">
      <UniqueIdentifier>{99349809-55BA-4b9d-BF79-8FDBB0286EB3}</UniqueIdentifier>
      <Extensions>ui</Extensions>
      <ParseFiles>false</ParseFiles>
    </Filter>
    <Filter Include="Generated Files">
      <UniqueIdentifier>{71ED8ED8-ACB9-4CE9-BBE1-E00B30144E11}</UniqueIdentifier>
      <Extensions>cpp;c;cxx;moc;h;def;odl;idl;res;</Extensions>
    </Filter>
    <Filter Include="Generated Files">
      <UniqueIdentifier>{71ED8ED8-ACB9-4CE9-BBE1-E00B30144E11}</UniqueIdentifier>
      <Extensions>cpp;c;cxx;moc;h;def;odl;idl;res;</Extensions>
    </Filter>
    <Filter Include="Translation Files">
      <UniqueIdentifier>{639EADAA-A684-42e4-A9AD-28FC9BCB8F7C}</UniqueIdentifier>
      <Extensions>ts;xlf</Extensions>
      <ParseFiles>false</ParseFiles>
    </Filter>
    <Filter Include="Translation Files">
      <UniqueIdentifier>{639EADAA-A684-42e4-A9AD-28FC9BCB8F7C}</UniqueIdentifier>
      <Extensions>ts;xlf</Extensions>
      <ParseFiles>false</ParseFiles>
    </Filter>
    <Filter Include="client">
      <UniqueIdentifier>{c840cc0f-f927-42a6-98f7-1f7f92888d93}</UniqueIdentifier>
    </Filter>
    <Filter Include="core">
      <UniqueIdentifier>{e7089e6a-3089-4d67-a347-02cd2f214e05}</UniqueIdentifier>
    </Filter>
    <Filter Include="dialog">
      <UniqueIdentifier>{be9e2452-57ca-46f7-b067-be44fd16c604}</UniqueIdentifier>
    </Filter>
    <Filter Include="package">
      <UniqueIdentifier>{12921f3f-26ad-402c-a6a2-9865e25d3ec8}</UniqueIdentifier>
    </Filter>
    <Filter Include="scenario">
      <UniqueIdentifier>{6db79ca9-2e4f-498e-b52b-c59736aabf0f}</UniqueIdentifier>
    </Filter>
    <Filter Include="ui">
      <UniqueIdentifier>{ffa117bb-84ff-4371-9304-3f2c80af7d0e}</UniqueIdentifier>
    </Filter>
    <Filter Include="util">
      <UniqueIdentifier>{41ea1f8d-ad6c-48cd-b070-6232f5788c09}</UniqueIdentifier>
    </Filter>
    <Filter Include="server">
      <UniqueIdentifier>{93995380-89BD-4b04-88EB-625FBE52EBFB}</UniqueIdentifier>
      <Extensions>h;hpp;hxx;hm;inl;inc;xsd</Extensions>
    </Filter>
    <Filter Include="Generated Files\Debug">
      <UniqueIdentifier>{13da7146-21c7-4bd7-8ca8-4fb9c3c1c028}</UniqueIdentifier>
      <Extensions>cpp;moc</Extensions>
      <SourceControlFiles>False</SourceControlFiles>
    </Filter>
    <Filter Include="Generated Files\Release">
      <UniqueIdentifier>{f34c2bba-ec30-47e0-a92a-c941cd46ab62}</UniqueIdentifier>
      <Extensions>cpp;moc</Extensions>
      <SourceControlFiles>False</SourceControlFiles>
    </Filter>
    <Filter Include="Swig Files">
      <UniqueIdentifier>{9981aa0b-e6a2-412b-95d7-2e22d217b648}</UniqueIdentifier>
    </Filter>
    <Filter Include="dialog\form">
      <UniqueIdentifier>{99349809-55BA-4b9d-BF79-8FDBB0286EB3}</UniqueIdentifier>
      <Extensions>ui</Extensions>
      <ParseFiles>false</ParseFiles>
    </Filter>
  </ItemGroup>
  <ItemGroup>
    <ClCompile Include="..\..\swig\sanguosha_wrap.cxx">
      <Filter>Generated Files</Filter>
    </ClCompile>
    <ClCompile Include="..\..\src\client\aux-skills.cpp">
      <Filter>client</Filter>
    </ClCompile>
    <ClCompile Include="..\..\src\client\client.cpp">
      <Filter>client</Filter>
    </ClCompile>
    <ClCompile Include="..\..\src\client\clientplayer.cpp">
      <Filter>client</Filter>
    </ClCompile>
    <ClCompile Include="..\..\src\client\clientstruct.cpp">
      <Filter>client</Filter>
    </ClCompile>
    <ClCompile Include="..\..\src\core\audio.cpp">
      <Filter>core</Filter>
    </ClCompile>
    <ClCompile Include="..\..\src\core\card.cpp">
      <Filter>core</Filter>
    </ClCompile>
    <ClCompile Include="..\..\src\core\engine.cpp">
      <Filter>core</Filter>
    </ClCompile>
    <ClCompile Include="..\..\src\core\general.cpp">
      <Filter>core</Filter>
    </ClCompile>
    <ClCompile Include="..\..\src\core\lua-wrapper.cpp">
      <Filter>core</Filter>
    </ClCompile>
    <ClCompile Include="..\..\src\core\player.cpp">
      <Filter>core</Filter>
    </ClCompile>
    <ClCompile Include="..\..\src\core\settings.cpp">
      <Filter>core</Filter>
    </ClCompile>
    <ClCompile Include="..\..\src\core\skill.cpp">
      <Filter>core</Filter>
    </ClCompile>
    <ClCompile Include="..\..\src\dialog\cardeditor.cpp">
      <Filter>dialog</Filter>
    </ClCompile>
    <ClCompile Include="..\..\src\dialog\cardoverview.cpp">
      <Filter>dialog</Filter>
    </ClCompile>
    <ClCompile Include="..\..\src\dialog\playercarddialog.cpp">
      <Filter>dialog</Filter>
    </ClCompile>
    <ClCompile Include="..\..\src\dialog\mainwindow.cpp">
      <Filter>dialog</Filter>
    </ClCompile>
    <ClCompile Include="..\..\src\dialog\generaloverview.cpp">
      <Filter>dialog</Filter>
    </ClCompile>
    <ClCompile Include="..\..\src\dialog\distanceviewdialog.cpp">
      <Filter>dialog</Filter>
    </ClCompile>
    <ClCompile Include="..\..\src\dialog\customassigndialog.cpp">
      <Filter>dialog</Filter>
    </ClCompile>
    <ClCompile Include="..\..\src\dialog\connectiondialog.cpp">
      <Filter>dialog</Filter>
    </ClCompile>
    <ClCompile Include="..\..\src\dialog\configdialog.cpp">
      <Filter>dialog</Filter>
    </ClCompile>
    <ClCompile Include="..\..\src\package\package.cpp">
      <Filter>package</Filter>
    </ClCompile>
    <ClCompile Include="..\..\src\package\standard.cpp">
      <Filter>package</Filter>
    </ClCompile>
    <ClCompile Include="..\..\src\package\exppattern.cpp">
      <Filter>package</Filter>
    </ClCompile>
    <ClCompile Include="..\..\src\scenario\miniscenarios.cpp">
      <Filter>scenario</Filter>
    </ClCompile>
    <ClCompile Include="..\..\src\scenario\scenario.cpp">
      <Filter>scenario</Filter>
    </ClCompile>
    <ClCompile Include="..\..\src\scenario\scenerule.cpp">
      <Filter>scenario</Filter>
    </ClCompile>
    <ClCompile Include="..\..\src\ui\chatwidget.cpp">
      <Filter>ui</Filter>
    </ClCompile>
    <ClCompile Include="..\..\src\ui\button.cpp">
      <Filter>ui</Filter>
    </ClCompile>
    <ClCompile Include="..\..\src\ui\carditem.cpp">
      <Filter>ui</Filter>
    </ClCompile>
    <ClCompile Include="..\..\src\ui\cardcontainer.cpp">
      <Filter>ui</Filter>
    </ClCompile>
    <ClCompile Include="..\..\src\ui\clientlogbox.cpp">
      <Filter>ui</Filter>
    </ClCompile>
    <ClCompile Include="..\..\src\ui\dashboard.cpp">
      <Filter>ui</Filter>
    </ClCompile>
    <ClCompile Include="..\..\src\ui\indicatoritem.cpp">
      <Filter>ui</Filter>
    </ClCompile>
    <ClCompile Include="..\..\src\ui\photo.cpp">
      <Filter>ui</Filter>
    </ClCompile>
    <ClCompile Include="..\..\src\ui\pixmapanimation.cpp">
      <Filter>ui</Filter>
    </ClCompile>
    <ClCompile Include="..\..\src\ui\window.cpp">
      <Filter>ui</Filter>
    </ClCompile>
    <ClCompile Include="..\..\src\ui\startscene.cpp">
      <Filter>ui</Filter>
    </ClCompile>
    <ClCompile Include="..\..\src\ui\sprite.cpp">
      <Filter>ui</Filter>
    </ClCompile>
    <ClCompile Include="..\..\src\ui\roomscene.cpp">
      <Filter>ui</Filter>
    </ClCompile>
    <ClCompile Include="..\..\src\util\detector.cpp">
      <Filter>util</Filter>
    </ClCompile>
    <ClCompile Include="..\..\src\util\recorder.cpp">
      <Filter>util</Filter>
    </ClCompile>
    <ClCompile Include="..\..\src\util\nativesocket.cpp">
      <Filter>util</Filter>
    </ClCompile>
    <ClCompile Include="..\..\src\ui\rolecombobox.cpp">
      <Filter>ui</Filter>
    </ClCompile>
    <ClCompile Include="..\..\src\dialog\rule-summary.cpp">
      <Filter>dialog</Filter>
    </ClCompile>
    <ClCompile Include="..\..\src\server\ai.cpp">
      <Filter>server</Filter>
    </ClCompile>
    <ClCompile Include="..\..\src\server\serverplayer.cpp">
      <Filter>server</Filter>
    </ClCompile>
    <ClCompile Include="..\..\src\server\gamerule.cpp">
      <Filter>server</Filter>
    </ClCompile>
    <ClCompile Include="..\..\src\server\room.cpp">
      <Filter>server</Filter>
    </ClCompile>
    <ClCompile Include="..\..\src\server\roomthread.cpp">
      <Filter>server</Filter>
    </ClCompile>
    <ClCompile Include="..\..\src\server\server.cpp">
      <Filter>server</Filter>
    </ClCompile>
    <ClCompile Include="..\..\src\core\protocol.cpp">
      <Filter>core</Filter>
    </ClCompile>
    <ClCompile Include="..\..\src\core\util.cpp">
      <Filter>core</Filter>
    </ClCompile>
    <ClCompile Include="..\..\src\ui\TimedProgressBar.cpp">
      <Filter>ui</Filter>
    </ClCompile>
    <ClCompile Include="Debug\moc_TimedProgressBar.cpp">
      <Filter>Generated Files\Debug</Filter>
    </ClCompile>
    <ClCompile Include="Release\moc_TimedProgressBar.cpp">
      <Filter>Generated Files\Release</Filter>
    </ClCompile>
    <ClCompile Include="..\..\src\core\structs.cpp">
      <Filter>core</Filter>
    </ClCompile>
    <ClCompile Include="..\..\src\ui\SkinBank.cpp">
      <Filter>ui</Filter>
    </ClCompile>
    <ClCompile Include="..\..\src\ui\uiUtils.cpp">
      <Filter>ui</Filter>
    </ClCompile>
    <ClCompile Include="..\..\src\ui\magatamasItem.cpp">
      <Filter>ui</Filter>
    </ClCompile>
    <ClCompile Include="Debug\moc_qsanbutton.cpp">
      <Filter>Generated Files\Debug</Filter>
    </ClCompile>
    <ClCompile Include="Release\moc_qsanbutton.cpp">
      <Filter>Generated Files\Release</Filter>
    </ClCompile>
    <ClCompile Include="..\..\src\ui\qsanbutton.cpp">
      <Filter>ui</Filter>
    </ClCompile>
    <ClCompile Include="..\..\src\ui\QSanSelectableItem.cpp">
      <Filter>ui</Filter>
    </ClCompile>
    <ClCompile Include="Debug\moc_QSanSelectableItem.cpp">
      <Filter>Generated Files\Debug</Filter>
    </ClCompile>
    <ClCompile Include="Release\moc_QSanSelectableItem.cpp">
      <Filter>Generated Files\Release</Filter>
    </ClCompile>
    <ClCompile Include="Debug\moc_TablePile.cpp">
      <Filter>Generated Files\Debug</Filter>
    </ClCompile>
    <ClCompile Include="Release\moc_TablePile.cpp">
      <Filter>Generated Files\Release</Filter>
    </ClCompile>
    <ClCompile Include="..\..\src\ui\TablePile.cpp">
      <Filter>ui</Filter>
    </ClCompile>
    <ClCompile Include="Debug\moc_magatamasItem.cpp">
      <Filter>Generated Files\Debug</Filter>
    </ClCompile>
    <ClCompile Include="Release\moc_magatamasItem.cpp">
      <Filter>Generated Files\Release</Filter>
    </ClCompile>
    <ClCompile Include="..\..\src\core\RoomState.cpp">
      <Filter>core</Filter>
    </ClCompile>
    <ClCompile Include="..\..\src\core\WrappedCard.cpp">
      <Filter>core</Filter>
    </ClCompile>
    <ClCompile Include="Debug\moc_WrappedCard.cpp">
      <Filter>Generated Files\Debug</Filter>
    </ClCompile>
    <ClCompile Include="Release\moc_WrappedCard.cpp">
      <Filter>Generated Files\Release</Filter>
    </ClCompile>
    <ClCompile Include="Debug\moc_GenericCardContainerUI.cpp">
      <Filter>Generated Files\Debug</Filter>
    </ClCompile>
    <ClCompile Include="Release\moc_GenericCardContainerUI.cpp">
      <Filter>Generated Files\Release</Filter>
    </ClCompile>
    <ClCompile Include="..\..\src\ui\GenericCardContainerUI.cpp">
      <Filter>ui</Filter>
    </ClCompile>
    <ClCompile Include="Debug\moc_record-analysis.cpp">
      <Filter>Generated Files\Debug</Filter>
    </ClCompile>
    <ClCompile Include="Release\moc_record-analysis.cpp">
      <Filter>Generated Files\Release</Filter>
    </ClCompile>
    <ClCompile Include="..\..\src\core\record-analysis.cpp">
      <Filter>core</Filter>
    </ClCompile>
    <ClCompile Include="..\..\src\package\formation.cpp">
      <Filter>package</Filter>
    </ClCompile>
    <ClCompile Include="Debug\moc_formation.cpp">
      <Filter>Generated Files\Debug</Filter>
    </ClCompile>
    <ClCompile Include="Release\moc_formation.cpp">
      <Filter>Generated Files\Release</Filter>
    </ClCompile>
    <ClCompile Include="Debug\moc_AboutUs.cpp">
      <Filter>Generated Files\Debug</Filter>
    </ClCompile>
    <ClCompile Include="Release\moc_AboutUs.cpp">
      <Filter>Generated Files\Release</Filter>
    </ClCompile>
    <ClCompile Include="..\..\src\dialog\AboutUs.cpp">
      <Filter>dialog</Filter>
    </ClCompile>
    <ClCompile Include="..\..\src\package\standard-shu-generals.cpp">
      <Filter>package</Filter>
    </ClCompile>
    <ClCompile Include="..\..\src\package\standard-wei-generals.cpp">
      <Filter>package</Filter>
    </ClCompile>
    <ClCompile Include="..\..\src\package\standard-qun-generals.cpp">
      <Filter>package</Filter>
    </ClCompile>
    <ClCompile Include="..\..\src\package\standard-wu-generals.cpp">
      <Filter>package</Filter>
    </ClCompile>
    <ClCompile Include="..\..\src\package\momentum.cpp">
      <Filter>package</Filter>
    </ClCompile>
    <ClCompile Include="Debug\moc_momentum.cpp">
      <Filter>Generated Files\Debug</Filter>
    </ClCompile>
    <ClCompile Include="Release\moc_momentum.cpp">
      <Filter>Generated Files\Release</Filter>
    </ClCompile>
    <ClCompile Include="..\..\src\ui\choosegeneralbox.cpp">
      <Filter>ui</Filter>
    </ClCompile>
    <ClCompile Include="Debug\moc_choosegeneralbox.cpp">
      <Filter>Generated Files\Debug</Filter>
    </ClCompile>
    <ClCompile Include="Release\moc_choosegeneralbox.cpp">
      <Filter>Generated Files\Release</Filter>
    </ClCompile>
    <ClCompile Include="..\..\src\package\standard-basics.cpp">
      <Filter>package</Filter>
    </ClCompile>
    <ClCompile Include="..\..\src\package\standard-tricks.cpp">
      <Filter>package</Filter>
    </ClCompile>
    <ClCompile Include="Debug\moc_standard-basics.cpp">
      <Filter>Generated Files\Debug</Filter>
    </ClCompile>
    <ClCompile Include="Release\moc_standard-basics.cpp">
      <Filter>Generated Files\Release</Filter>
    </ClCompile>
    <ClCompile Include="Debug\moc_standard-qun-generals.cpp">
      <Filter>Generated Files\Debug</Filter>
    </ClCompile>
    <ClCompile Include="Release\moc_standard-qun-generals.cpp">
      <Filter>Generated Files\Release</Filter>
    </ClCompile>
    <ClCompile Include="Debug\moc_standard-shu-generals.cpp">
      <Filter>Generated Files\Debug</Filter>
    </ClCompile>
    <ClCompile Include="Release\moc_standard-shu-generals.cpp">
      <Filter>Generated Files\Release</Filter>
    </ClCompile>
    <ClCompile Include="Debug\moc_standard-tricks.cpp">
      <Filter>Generated Files\Debug</Filter>
    </ClCompile>
    <ClCompile Include="Release\moc_standard-tricks.cpp">
      <Filter>Generated Files\Release</Filter>
    </ClCompile>
    <ClCompile Include="Debug\moc_standard-wei-generals.cpp">
      <Filter>Generated Files\Debug</Filter>
    </ClCompile>
    <ClCompile Include="Release\moc_standard-wei-generals.cpp">
      <Filter>Generated Files\Release</Filter>
    </ClCompile>
    <ClCompile Include="Debug\moc_standard-wu-generals.cpp">
      <Filter>Generated Files\Debug</Filter>
    </ClCompile>
    <ClCompile Include="Release\moc_standard-wu-generals.cpp">
      <Filter>Generated Files\Release</Filter>
    </ClCompile>
    <ClCompile Include="Release\moc_ai.cpp">
      <Filter>Generated Files\Release</Filter>
    </ClCompile>
    <ClCompile Include="Release\moc_aux-skills.cpp">
      <Filter>Generated Files\Release</Filter>
    </ClCompile>
    <ClCompile Include="Release\moc_button.cpp">
      <Filter>Generated Files\Release</Filter>
    </ClCompile>
    <ClCompile Include="Release\moc_card.cpp">
      <Filter>Generated Files\Release</Filter>
    </ClCompile>
    <ClCompile Include="Release\moc_cardcontainer.cpp">
      <Filter>Generated Files\Release</Filter>
    </ClCompile>
    <ClCompile Include="Release\moc_cardeditor.cpp">
      <Filter>Generated Files\Release</Filter>
    </ClCompile>
    <ClCompile Include="Release\moc_carditem.cpp">
      <Filter>Generated Files\Release</Filter>
    </ClCompile>
    <ClCompile Include="Release\moc_cardoverview.cpp">
      <Filter>Generated Files\Release</Filter>
    </ClCompile>
    <ClCompile Include="Release\moc_chatwidget.cpp">
      <Filter>Generated Files\Release</Filter>
    </ClCompile>
    <ClCompile Include="Release\moc_client.cpp">
      <Filter>Generated Files\Release</Filter>
    </ClCompile>
    <ClCompile Include="Release\moc_clientlogbox.cpp">
      <Filter>Generated Files\Release</Filter>
    </ClCompile>
    <ClCompile Include="Release\moc_clientplayer.cpp">
      <Filter>Generated Files\Release</Filter>
    </ClCompile>
    <ClCompile Include="Release\moc_clientstruct.cpp">
      <Filter>Generated Files\Release</Filter>
    </ClCompile>
    <ClCompile Include="Release\moc_configdialog.cpp">
      <Filter>Generated Files\Release</Filter>
    </ClCompile>
    <ClCompile Include="Release\moc_connectiondialog.cpp">
      <Filter>Generated Files\Release</Filter>
    </ClCompile>
    <ClCompile Include="Release\moc_customassigndialog.cpp">
      <Filter>Generated Files\Release</Filter>
    </ClCompile>
    <ClCompile Include="Release\moc_dashboard.cpp">
      <Filter>Generated Files\Release</Filter>
    </ClCompile>
    <ClCompile Include="Release\moc_detector.cpp">
      <Filter>Generated Files\Release</Filter>
    </ClCompile>
    <ClCompile Include="Release\moc_distanceviewdialog.cpp">
      <Filter>Generated Files\Release</Filter>
    </ClCompile>
    <ClCompile Include="Release\moc_engine.cpp">
      <Filter>Generated Files\Release</Filter>
    </ClCompile>
    <ClCompile Include="Release\moc_gamerule.cpp">
      <Filter>Generated Files\Release</Filter>
    </ClCompile>
    <ClCompile Include="Release\moc_general.cpp">
      <Filter>Generated Files\Release</Filter>
    </ClCompile>
    <ClCompile Include="Release\moc_generaloverview.cpp">
      <Filter>Generated Files\Release</Filter>
    </ClCompile>
    <ClCompile Include="Release\moc_indicatoritem.cpp">
      <Filter>Generated Files\Release</Filter>
    </ClCompile>
    <ClCompile Include="Release\moc_lua-wrapper.cpp">
      <Filter>Generated Files\Release</Filter>
    </ClCompile>
    <ClCompile Include="Release\moc_mainwindow.cpp">
      <Filter>Generated Files\Release</Filter>
    </ClCompile>
    <ClCompile Include="Release\moc_miniscenarios.cpp">
      <Filter>Generated Files\Release</Filter>
    </ClCompile>
    <ClCompile Include="Release\moc_nativesocket.cpp">
      <Filter>Generated Files\Release</Filter>
    </ClCompile>
    <ClCompile Include="Release\moc_package.cpp">
      <Filter>Generated Files\Release</Filter>
    </ClCompile>
    <ClCompile Include="Release\moc_photo.cpp">
      <Filter>Generated Files\Release</Filter>
    </ClCompile>
    <ClCompile Include="Release\moc_pixmapanimation.cpp">
      <Filter>Generated Files\Release</Filter>
    </ClCompile>
    <ClCompile Include="Release\moc_player.cpp">
      <Filter>Generated Files\Release</Filter>
    </ClCompile>
    <ClCompile Include="Release\moc_playercarddialog.cpp">
      <Filter>Generated Files\Release</Filter>
    </ClCompile>
    <ClCompile Include="Release\moc_recorder.cpp">
      <Filter>Generated Files\Release</Filter>
    </ClCompile>
    <ClCompile Include="Release\moc_rolecombobox.cpp">
      <Filter>Generated Files\Release</Filter>
    </ClCompile>
    <ClCompile Include="Release\moc_room.cpp">
      <Filter>Generated Files\Release</Filter>
    </ClCompile>
    <ClCompile Include="Release\moc_roomscene.cpp">
      <Filter>Generated Files\Release</Filter>
    </ClCompile>
    <ClCompile Include="Release\moc_roomthread.cpp">
      <Filter>Generated Files\Release</Filter>
    </ClCompile>
    <ClCompile Include="Release\moc_rule-summary.cpp">
      <Filter>Generated Files\Release</Filter>
    </ClCompile>
    <ClCompile Include="Release\moc_scenario.cpp">
      <Filter>Generated Files\Release</Filter>
    </ClCompile>
    <ClCompile Include="Release\moc_server.cpp">
      <Filter>Generated Files\Release</Filter>
    </ClCompile>
    <ClCompile Include="Release\moc_serverplayer.cpp">
      <Filter>Generated Files\Release</Filter>
    </ClCompile>
    <ClCompile Include="Release\moc_settings.cpp">
      <Filter>Generated Files\Release</Filter>
    </ClCompile>
    <ClCompile Include="Release\moc_skill.cpp">
      <Filter>Generated Files\Release</Filter>
    </ClCompile>
    <ClCompile Include="Release\moc_socket.cpp">
      <Filter>Generated Files\Release</Filter>
    </ClCompile>
    <ClCompile Include="Release\moc_sprite.cpp">
      <Filter>Generated Files\Release</Filter>
    </ClCompile>
    <ClCompile Include="Release\moc_standard.cpp">
      <Filter>Generated Files\Release</Filter>
    </ClCompile>
    <ClCompile Include="Release\moc_startscene.cpp">
      <Filter>Generated Files\Release</Filter>
    </ClCompile>
    <ClCompile Include="Release\moc_window.cpp">
      <Filter>Generated Files\Release</Filter>
    </ClCompile>
    <ClCompile Include="Debug\moc_ai.cpp">
      <Filter>Generated Files\Debug</Filter>
    </ClCompile>
    <ClCompile Include="Debug\moc_window.cpp">
      <Filter>Generated Files\Debug</Filter>
    </ClCompile>
    <ClCompile Include="Debug\moc_aux-skills.cpp">
      <Filter>Generated Files\Debug</Filter>
    </ClCompile>
    <ClCompile Include="Debug\moc_button.cpp">
      <Filter>Generated Files\Debug</Filter>
    </ClCompile>
    <ClCompile Include="Debug\moc_card.cpp">
      <Filter>Generated Files\Debug</Filter>
    </ClCompile>
    <ClCompile Include="Debug\moc_cardcontainer.cpp">
      <Filter>Generated Files\Debug</Filter>
    </ClCompile>
    <ClCompile Include="Debug\moc_cardeditor.cpp">
      <Filter>Generated Files\Debug</Filter>
    </ClCompile>
    <ClCompile Include="Debug\moc_carditem.cpp">
      <Filter>Generated Files\Debug</Filter>
    </ClCompile>
    <ClCompile Include="Debug\moc_cardoverview.cpp">
      <Filter>Generated Files\Debug</Filter>
    </ClCompile>
    <ClCompile Include="Debug\moc_chatwidget.cpp">
      <Filter>Generated Files\Debug</Filter>
    </ClCompile>
    <ClCompile Include="Debug\moc_client.cpp">
      <Filter>Generated Files\Debug</Filter>
    </ClCompile>
    <ClCompile Include="Debug\moc_clientlogbox.cpp">
      <Filter>Generated Files\Debug</Filter>
    </ClCompile>
    <ClCompile Include="Debug\moc_clientplayer.cpp">
      <Filter>Generated Files\Debug</Filter>
    </ClCompile>
    <ClCompile Include="Debug\moc_clientstruct.cpp">
      <Filter>Generated Files\Debug</Filter>
    </ClCompile>
    <ClCompile Include="Debug\moc_configdialog.cpp">
      <Filter>Generated Files\Debug</Filter>
    </ClCompile>
    <ClCompile Include="Debug\moc_connectiondialog.cpp">
      <Filter>Generated Files\Debug</Filter>
    </ClCompile>
    <ClCompile Include="Debug\moc_customassigndialog.cpp">
      <Filter>Generated Files\Debug</Filter>
    </ClCompile>
    <ClCompile Include="Debug\moc_dashboard.cpp">
      <Filter>Generated Files\Debug</Filter>
    </ClCompile>
    <ClCompile Include="Debug\moc_detector.cpp">
      <Filter>Generated Files\Debug</Filter>
    </ClCompile>
    <ClCompile Include="Debug\moc_distanceviewdialog.cpp">
      <Filter>Generated Files\Debug</Filter>
    </ClCompile>
    <ClCompile Include="Debug\moc_engine.cpp">
      <Filter>Generated Files\Debug</Filter>
    </ClCompile>
    <ClCompile Include="Debug\moc_gamerule.cpp">
      <Filter>Generated Files\Debug</Filter>
    </ClCompile>
    <ClCompile Include="Debug\moc_general.cpp">
      <Filter>Generated Files\Debug</Filter>
    </ClCompile>
    <ClCompile Include="Debug\moc_generaloverview.cpp">
      <Filter>Generated Files\Debug</Filter>
    </ClCompile>
    <ClCompile Include="Debug\moc_indicatoritem.cpp">
      <Filter>Generated Files\Debug</Filter>
    </ClCompile>
    <ClCompile Include="Debug\moc_lua-wrapper.cpp">
      <Filter>Generated Files\Debug</Filter>
    </ClCompile>
    <ClCompile Include="Debug\moc_mainwindow.cpp">
      <Filter>Generated Files\Debug</Filter>
    </ClCompile>
    <ClCompile Include="Debug\moc_miniscenarios.cpp">
      <Filter>Generated Files\Debug</Filter>
    </ClCompile>
    <ClCompile Include="Debug\moc_nativesocket.cpp">
      <Filter>Generated Files\Debug</Filter>
    </ClCompile>
    <ClCompile Include="Debug\moc_package.cpp">
      <Filter>Generated Files\Debug</Filter>
    </ClCompile>
    <ClCompile Include="Debug\moc_photo.cpp">
      <Filter>Generated Files\Debug</Filter>
    </ClCompile>
    <ClCompile Include="Debug\moc_pixmapanimation.cpp">
      <Filter>Generated Files\Debug</Filter>
    </ClCompile>
    <ClCompile Include="Debug\moc_player.cpp">
      <Filter>Generated Files\Debug</Filter>
    </ClCompile>
    <ClCompile Include="Debug\moc_playercarddialog.cpp">
      <Filter>Generated Files\Debug</Filter>
    </ClCompile>
    <ClCompile Include="Debug\moc_recorder.cpp">
      <Filter>Generated Files\Debug</Filter>
    </ClCompile>
    <ClCompile Include="Debug\moc_rolecombobox.cpp">
      <Filter>Generated Files\Debug</Filter>
    </ClCompile>
    <ClCompile Include="Debug\moc_room.cpp">
      <Filter>Generated Files\Debug</Filter>
    </ClCompile>
    <ClCompile Include="Debug\moc_roomscene.cpp">
      <Filter>Generated Files\Debug</Filter>
    </ClCompile>
    <ClCompile Include="Debug\moc_roomthread.cpp">
      <Filter>Generated Files\Debug</Filter>
    </ClCompile>
    <ClCompile Include="Debug\moc_rule-summary.cpp">
      <Filter>Generated Files\Debug</Filter>
    </ClCompile>
    <ClCompile Include="Debug\moc_scenario.cpp">
      <Filter>Generated Files\Debug</Filter>
    </ClCompile>
    <ClCompile Include="Debug\moc_server.cpp">
      <Filter>Generated Files\Debug</Filter>
    </ClCompile>
    <ClCompile Include="Debug\moc_serverplayer.cpp">
      <Filter>Generated Files\Debug</Filter>
    </ClCompile>
    <ClCompile Include="Debug\moc_settings.cpp">
      <Filter>Generated Files\Debug</Filter>
    </ClCompile>
    <ClCompile Include="Debug\moc_skill.cpp">
      <Filter>Generated Files\Debug</Filter>
    </ClCompile>
    <ClCompile Include="Debug\moc_socket.cpp">
      <Filter>Generated Files\Debug</Filter>
    </ClCompile>
    <ClCompile Include="Debug\moc_sprite.cpp">
      <Filter>Generated Files\Debug</Filter>
    </ClCompile>
    <ClCompile Include="Debug\moc_standard.cpp">
      <Filter>Generated Files\Debug</Filter>
    </ClCompile>
    <ClCompile Include="Debug\moc_startscene.cpp">
      <Filter>Generated Files\Debug</Filter>
    </ClCompile>
    <ClCompile Include="..\..\src\package\standard-equips.cpp">
      <Filter>package</Filter>
    </ClCompile>
    <ClCompile Include="Debug\moc_standard-equips.cpp">
      <Filter>Generated Files\Debug</Filter>
    </ClCompile>
    <ClCompile Include="Release\moc_standard-equips.cpp">
      <Filter>Generated Files\Release</Filter>
    </ClCompile>
    <ClCompile Include="..\..\src\package\standard-package.cpp">
      <Filter>package</Filter>
    </ClCompile>
    <ClCompile Include="Debug\moc_standard-package.cpp">
      <Filter>Generated Files\Debug</Filter>
    </ClCompile>
    <ClCompile Include="Release\moc_standard-package.cpp">
      <Filter>Generated Files\Release</Filter>
    </ClCompile>
    <ClCompile Include="..\..\src\main.cpp" />
    <ClCompile Include="Debug\moc_generalselector.cpp">
      <Filter>Generated Files\Debug</Filter>
    </ClCompile>
    <ClCompile Include="Release\moc_generalselector.cpp">
      <Filter>Generated Files\Release</Filter>
    </ClCompile>
    <ClCompile Include="..\..\src\server\generalselector.cpp">
      <Filter>server</Filter>
    </ClCompile>
    <ClCompile Include="..\..\src\dialog\UpdateChecker.cpp">
      <Filter>dialog</Filter>
    </ClCompile>
    <ClCompile Include="Debug\moc_UpdateChecker.cpp">
      <Filter>Generated Files\Debug</Filter>
    </ClCompile>
    <ClCompile Include="Release\moc_UpdateChecker.cpp">
      <Filter>Generated Files\Release</Filter>
    </ClCompile>
    <ClCompile Include="..\..\src\core\banpair.cpp">
      <Filter>core</Filter>
    </ClCompile>
    <ClCompile Include="..\..\src\package\strategic-advantage.cpp">
      <Filter>package</Filter>
    </ClCompile>
    <ClCompile Include="Debug\moc_strategic-advantage.cpp">
      <Filter>Generated Files\Debug</Filter>
    </ClCompile>
    <ClCompile Include="Release\moc_strategic-advantage.cpp">
      <Filter>Generated Files\Release</Filter>
    </ClCompile>
    <ClCompile Include="..\..\src\core\version.cpp">
      <Filter>core</Filter>
    </ClCompile>
    <ClCompile Include="..\..\src\dialog\cardbutton.cpp">
      <Filter>dialog</Filter>
    </ClCompile>
    <ClCompile Include="Debug\moc_cardbutton.cpp">
      <Filter>Generated Files\Debug</Filter>
    </ClCompile>
    <ClCompile Include="Release\moc_cardbutton.cpp">
      <Filter>Generated Files\Release</Filter>
    </ClCompile>
    <ClCompile Include="..\..\src\ui\ChooseOptionsBox.cpp">
      <Filter>ui</Filter>
    </ClCompile>
    <ClCompile Include="Debug\moc_ChooseOptionsBox.cpp">
      <Filter>Generated Files\Debug</Filter>
    </ClCompile>
    <ClCompile Include="Release\moc_ChooseOptionsBox.cpp">
      <Filter>Generated Files\Release</Filter>
    </ClCompile>
    <ClCompile Include="..\..\src\ui\ChooseTriggerOrderBox.cpp">
      <Filter>ui</Filter>
    </ClCompile>
    <ClCompile Include="Debug\moc_ChooseTriggerOrderBox.cpp">
      <Filter>Generated Files\Debug</Filter>
    </ClCompile>
    <ClCompile Include="Release\moc_ChooseTriggerOrderBox.cpp">
      <Filter>Generated Files\Release</Filter>
    </ClCompile>
    <ClCompile Include="..\..\src\ui\GraphicsBox.cpp">
      <Filter>ui</Filter>
    </ClCompile>
    <ClCompile Include="Debug\moc_GraphicsBox.cpp">
      <Filter>Generated Files\Debug</Filter>
    </ClCompile>
    <ClCompile Include="Release\moc_GraphicsBox.cpp">
      <Filter>Generated Files\Release</Filter>
    </ClCompile>
    <ClCompile Include="..\..\src\ui\GuanxingBox.cpp">
      <Filter>ui</Filter>
    </ClCompile>
    <ClCompile Include="Debug\moc_GuanxingBox.cpp">
      <Filter>Generated Files\Debug</Filter>
    </ClCompile>
    <ClCompile Include="Release\moc_GuanxingBox.cpp">
      <Filter>Generated Files\Release</Filter>
    </ClCompile>
    <ClCompile Include="..\..\src\scenario\jiange-defense-scenario.cpp">
      <Filter>scenario</Filter>
    </ClCompile>
    <ClCompile Include="Debug\moc_jiange-defense-scenario.cpp">
      <Filter>Generated Files\Debug</Filter>
    </ClCompile>
    <ClCompile Include="Release\moc_jiange-defense-scenario.cpp">
      <Filter>Generated Files\Release</Filter>
    </ClCompile>
    <ClCompile Include="..\..\src\package\jiange-defense.cpp">
      <Filter>package</Filter>
    </ClCompile>
    <ClCompile Include="Debug\moc_jiange-defense.cpp">
      <Filter>Generated Files\Debug</Filter>
    </ClCompile>
    <ClCompile Include="Release\moc_jiange-defense.cpp">
      <Filter>Generated Files\Release</Filter>
    </ClCompile>
    <ClCompile Include="Debug\moc_Title.cpp">
      <Filter>Generated Files\Debug</Filter>
    </ClCompile>
    <ClCompile Include="Release\moc_Title.cpp">
      <Filter>Generated Files\Release</Filter>
    </ClCompile>
    <ClCompile Include="..\..\src\ui\Title.cpp">
      <Filter>ui</Filter>
    </ClCompile>
    <ClCompile Include="..\..\src\ui\BubbleChatBox.cpp">
      <Filter>ui</Filter>
    </ClCompile>
    <ClCompile Include="Debug\moc_BubbleChatBox.cpp">
      <Filter>Generated Files\Debug</Filter>
    </ClCompile>
    <ClCompile Include="Release\moc_BubbleChatBox.cpp">
      <Filter>Generated Files\Release</Filter>
    </ClCompile>
    <ClCompile Include="..\..\src\ui\StyleHelper.cpp">
      <Filter>ui</Filter>
    </ClCompile>
    <ClCompile Include="..\..\src\ui\PlayerCardBox.cpp">
      <Filter>ui</Filter>
    </ClCompile>
    <ClCompile Include="Debug\moc_PlayerCardBox.cpp">
      <Filter>Generated Files\Debug</Filter>
    </ClCompile>
    <ClCompile Include="Release\moc_PlayerCardBox.cpp">
      <Filter>Generated Files\Release</Filter>
    </ClCompile>
    <ClCompile Include="..\..\src\core\json.cpp">
      <Filter>Generated Files\Debug</Filter>
    </ClCompile>
    <ClCompile Include="..\..\src\dialog\FreeChooseDialog.cpp">
      <Filter>dialog</Filter>
    </ClCompile>
    <ClCompile Include="Debug\moc_FreeChooseDialog.cpp">
      <Filter>Generated Files\Debug</Filter>
    </ClCompile>
    <ClCompile Include="Release\moc_FreeChooseDialog.cpp">
      <Filter>Generated Files\Release</Filter>
    </ClCompile>
    <ClCompile Include="..\..\src\dialog\FlatDialog.cpp">
      <Filter>dialog</Filter>
    </ClCompile>
    <ClCompile Include="Debug\moc_FlatDialog.cpp">
      <Filter>Generated Files\Debug</Filter>
    </ClCompile>
    <ClCompile Include="Release\moc_FlatDialog.cpp">
      <Filter>Generated Files\Release</Filter>
    </ClCompile>
    <ClCompile Include="..\..\src\dialog\AvatarModel.cpp">
      <Filter>dialog</Filter>
    </ClCompile>
    <ClCompile Include="Debug\moc_AvatarModel.cpp">
      <Filter>Generated Files\Debug</Filter>
    </ClCompile>
    <ClCompile Include="Release\moc_AvatarModel.cpp">
      <Filter>Generated Files\Release</Filter>
    </ClCompile>
    <ClCompile Include="..\..\src\dialog\UdpDetectorDialog.cpp">
      <Filter>dialog</Filter>
    </ClCompile>
    <ClCompile Include="Debug\moc_UdpDetectorDialog.cpp">
      <Filter>Generated Files\Debug</Filter>
    </ClCompile>
    <ClCompile Include="Release\moc_UdpDetectorDialog.cpp">
      <Filter>Generated Files\Release</Filter>
    </ClCompile>
    <ClCompile Include="..\..\src\ui\GraphicsPixmapHoverItem.cpp">
      <Filter>ui</Filter>
    </ClCompile>
    <ClCompile Include="Debug\moc_GraphicsPixmapHoverItem.cpp">
      <Filter>Generated Files\Debug</Filter>
    </ClCompile>
    <ClCompile Include="Release\moc_GraphicsPixmapHoverItem.cpp">
      <Filter>Generated Files\Release</Filter>
    </ClCompile>
    <ClCompile Include="..\..\src\ui\HeroSkinContainer.cpp">
      <Filter>ui</Filter>
    </ClCompile>
    <ClCompile Include="Debug\moc_HeroSkinContainer.cpp">
      <Filter>Generated Files\Debug</Filter>
    </ClCompile>
    <ClCompile Include="Release\moc_HeroSkinContainer.cpp">
      <Filter>Generated Files\Release</Filter>
    </ClCompile>
    <ClCompile Include="..\..\src\dialog\GeneralModel.cpp">
      <Filter>dialog</Filter>
    </ClCompile>
    <ClCompile Include="Debug\moc_GeneralModel.cpp">
      <Filter>Generated Files\Debug</Filter>
    </ClCompile>
    <ClCompile Include="Release\moc_GeneralModel.cpp">
      <Filter>Generated Files\Release</Filter>
    </ClCompile>
    <ClCompile Include="..\..\src\ui\SkinItem.cpp">
      <Filter>ui</Filter>
    </ClCompile>
    <ClCompile Include="Debug\moc_SkinItem.cpp">
      <Filter>Generated Files\Debug</Filter>
    </ClCompile>
    <ClCompile Include="Release\moc_SkinItem.cpp">
      <Filter>Generated Files\Release</Filter>
    </ClCompile>
  </ItemGroup>
  <ItemGroup>
    <CustomBuild Include="..\..\src\server\ai.h">
      <Filter>server</Filter>
    </CustomBuild>
    <CustomBuild Include="..\..\src\server\gamerule.h">
      <Filter>server</Filter>
    </CustomBuild>
    <CustomBuild Include="..\..\src\server\room.h">
      <Filter>server</Filter>
    </CustomBuild>
    <CustomBuild Include="..\..\src\server\roomthread.h">
      <Filter>server</Filter>
    </CustomBuild>
    <CustomBuild Include="..\..\src\server\server.h">
      <Filter>server</Filter>
    </CustomBuild>
    <CustomBuild Include="..\..\src\server\serverplayer.h">
      <Filter>server</Filter>
    </CustomBuild>
    <CustomBuild Include="..\..\src\client\aux-skills.h">
      <Filter>client</Filter>
    </CustomBuild>
    <CustomBuild Include="..\..\src\client\client.h">
      <Filter>client</Filter>
    </CustomBuild>
    <CustomBuild Include="..\..\src\client\clientplayer.h">
      <Filter>client</Filter>
    </CustomBuild>
    <CustomBuild Include="..\..\src\client\clientstruct.h">
      <Filter>client</Filter>
    </CustomBuild>
    <CustomBuild Include="..\..\src\core\card.h">
      <Filter>core</Filter>
    </CustomBuild>
    <CustomBuild Include="..\..\src\core\engine.h">
      <Filter>core</Filter>
    </CustomBuild>
    <CustomBuild Include="..\..\src\core\general.h">
      <Filter>core</Filter>
    </CustomBuild>
    <CustomBuild Include="..\..\src\core\lua-wrapper.h">
      <Filter>core</Filter>
    </CustomBuild>
    <CustomBuild Include="..\..\src\core\player.h">
      <Filter>core</Filter>
    </CustomBuild>
    <CustomBuild Include="..\..\src\core\settings.h">
      <Filter>core</Filter>
    </CustomBuild>
    <CustomBuild Include="..\..\src\core\skill.h">
      <Filter>core</Filter>
    </CustomBuild>
    <CustomBuild Include="..\..\src\dialog\cardeditor.h">
      <Filter>dialog</Filter>
    </CustomBuild>
    <CustomBuild Include="..\..\src\dialog\cardoverview.h">
      <Filter>dialog</Filter>
    </CustomBuild>
    <CustomBuild Include="..\..\src\dialog\configdialog.h">
      <Filter>dialog</Filter>
    </CustomBuild>
    <CustomBuild Include="..\..\src\dialog\connectiondialog.h">
      <Filter>dialog</Filter>
    </CustomBuild>
    <CustomBuild Include="..\..\src\dialog\distanceviewdialog.h">
      <Filter>dialog</Filter>
    </CustomBuild>
    <CustomBuild Include="..\..\src\dialog\generaloverview.h">
      <Filter>dialog</Filter>
    </CustomBuild>
    <CustomBuild Include="..\..\src\dialog\mainwindow.h">
      <Filter>dialog</Filter>
    </CustomBuild>
    <CustomBuild Include="..\..\src\dialog\playercarddialog.h">
      <Filter>dialog</Filter>
    </CustomBuild>
    <CustomBuild Include="..\..\src\dialog\rule-summary.h">
      <Filter>dialog</Filter>
    </CustomBuild>
    <CustomBuild Include="..\..\src\package\standard.h">
      <Filter>package</Filter>
    </CustomBuild>
    <CustomBuild Include="..\..\src\package\package.h">
      <Filter>package</Filter>
    </CustomBuild>
    <CustomBuild Include="..\..\src\scenario\scenario.h">
      <Filter>scenario</Filter>
    </CustomBuild>
    <CustomBuild Include="..\..\src\scenario\miniscenarios.h">
      <Filter>scenario</Filter>
    </CustomBuild>
    <CustomBuild Include="..\..\src\ui\button.h">
      <Filter>ui</Filter>
    </CustomBuild>
    <CustomBuild Include="..\..\src\ui\cardcontainer.h">
      <Filter>ui</Filter>
    </CustomBuild>
    <CustomBuild Include="..\..\src\ui\carditem.h">
      <Filter>ui</Filter>
    </CustomBuild>
    <CustomBuild Include="..\..\src\ui\chatwidget.h">
      <Filter>ui</Filter>
    </CustomBuild>
    <CustomBuild Include="..\..\src\ui\clientlogbox.h">
      <Filter>ui</Filter>
    </CustomBuild>
    <CustomBuild Include="..\..\src\ui\dashboard.h">
      <Filter>ui</Filter>
    </CustomBuild>
    <CustomBuild Include="..\..\src\ui\indicatoritem.h">
      <Filter>ui</Filter>
    </CustomBuild>
    <CustomBuild Include="..\..\src\ui\photo.h">
      <Filter>ui</Filter>
    </CustomBuild>
    <CustomBuild Include="..\..\src\ui\pixmapanimation.h">
      <Filter>ui</Filter>
    </CustomBuild>
    <CustomBuild Include="..\..\src\ui\roomscene.h">
      <Filter>ui</Filter>
    </CustomBuild>
    <CustomBuild Include="..\..\src\ui\sprite.h">
      <Filter>ui</Filter>
    </CustomBuild>
    <CustomBuild Include="..\..\src\ui\startscene.h">
      <Filter>ui</Filter>
    </CustomBuild>
    <CustomBuild Include="..\..\src\ui\window.h">
      <Filter>ui</Filter>
    </CustomBuild>
    <CustomBuild Include="..\..\src\util\socket.h">
      <Filter>util</Filter>
    </CustomBuild>
    <CustomBuild Include="..\..\src\util\detector.h">
      <Filter>util</Filter>
    </CustomBuild>
    <CustomBuild Include="..\..\src\util\nativesocket.h">
      <Filter>util</Filter>
    </CustomBuild>
    <CustomBuild Include="..\..\src\util\recorder.h">
      <Filter>util</Filter>
    </CustomBuild>
    <CustomBuild Include="..\..\src\ui\rolecombobox.h">
      <Filter>ui</Filter>
    </CustomBuild>
    <CustomBuild Include="..\..\src\dialog\customassigndialog.h">
      <Filter>dialog</Filter>
    </CustomBuild>
    <CustomBuild Include="..\..\src\ui\TimedProgressBar.h">
      <Filter>ui</Filter>
    </CustomBuild>
    <CustomBuild Include="..\..\src\ui\qsanbutton.h">
      <Filter>ui</Filter>
    </CustomBuild>
    <CustomBuild Include="..\..\src\ui\QSanSelectableItem.h">
      <Filter>ui</Filter>
    </CustomBuild>
    <CustomBuild Include="..\..\src\ui\TablePile.h">
      <Filter>ui</Filter>
    </CustomBuild>
    <CustomBuild Include="..\..\src\ui\magatamasItem.h">
      <Filter>ui</Filter>
    </CustomBuild>
    <CustomBuild Include="..\..\src\core\RoomState.h">
      <Filter>core</Filter>
    </CustomBuild>
    <CustomBuild Include="..\..\src\core\WrappedCard.h">
      <Filter>core</Filter>
    </CustomBuild>
    <CustomBuild Include="..\..\src\ui\GenericCardContainerUI.h">
      <Filter>ui</Filter>
    </CustomBuild>
    <CustomBuild Include="..\..\src\core\record-analysis.h">
      <Filter>core</Filter>
    </CustomBuild>
    <CustomBuild Include="..\..\src\package\formation.h">
      <Filter>package</Filter>
    </CustomBuild>
    <CustomBuild Include="..\..\src\dialog\AboutUs.h">
      <Filter>dialog</Filter>
    </CustomBuild>
    <CustomBuild Include="..\..\src\package\momentum.h">
      <Filter>package</Filter>
    </CustomBuild>
    <CustomBuild Include="..\..\src\ui\choosegeneralbox.h">
      <Filter>ui</Filter>
    </CustomBuild>
    <CustomBuild Include="..\..\src\package\standard-basics.h">
      <Filter>package</Filter>
    </CustomBuild>
    <CustomBuild Include="..\..\src\package\standard-qun-generals.h">
      <Filter>package</Filter>
    </CustomBuild>
    <CustomBuild Include="..\..\src\package\standard-shu-generals.h">
      <Filter>package</Filter>
    </CustomBuild>
    <CustomBuild Include="..\..\src\package\standard-tricks.h">
      <Filter>package</Filter>
    </CustomBuild>
    <CustomBuild Include="..\..\src\package\standard-wei-generals.h">
      <Filter>package</Filter>
    </CustomBuild>
    <CustomBuild Include="..\..\src\package\standard-wu-generals.h">
      <Filter>package</Filter>
    </CustomBuild>
    <CustomBuild Include="..\..\src\package\standard-equips.h">
      <Filter>package</Filter>
    </CustomBuild>
    <CustomBuild Include="..\..\src\package\standard-package.h">
      <Filter>package</Filter>
    </CustomBuild>
    <CustomBuild Include="..\..\src\server\generalselector.h">
      <Filter>server</Filter>
    </CustomBuild>
    <CustomBuild Include="..\..\src\dialog\UpdateChecker.h">
      <Filter>dialog</Filter>
    </CustomBuild>
    <CustomBuild Include="..\..\src\package\strategic-advantage.h">
      <Filter>package</Filter>
    </CustomBuild>
    <CustomBuild Include="..\..\src\dialog\cardbutton.h">
      <Filter>dialog</Filter>
    </CustomBuild>
    <CustomBuild Include="..\..\src\ui\ChooseOptionsBox.h">
      <Filter>ui</Filter>
    </CustomBuild>
    <CustomBuild Include="..\..\src\ui\ChooseTriggerOrderBox.h">
      <Filter>ui</Filter>
    </CustomBuild>
    <CustomBuild Include="..\..\src\ui\GraphicsBox.h">
      <Filter>ui</Filter>
    </CustomBuild>
    <CustomBuild Include="..\..\src\ui\GuanxingBox.h">
      <Filter>ui</Filter>
    </CustomBuild>
    <CustomBuild Include="..\..\src\scenario\jiange-defense-scenario.h">
      <Filter>scenario</Filter>
    </CustomBuild>
    <CustomBuild Include="..\..\src\package\jiange-defense.h">
      <Filter>package</Filter>
    </CustomBuild>
    <CustomBuild Include="..\..\src\ui\Title.h">
      <Filter>ui</Filter>
    </CustomBuild>
    <CustomBuild Include="..\..\src\ui\BubbleChatBox.h">
      <Filter>ui</Filter>
    </CustomBuild>
    <CustomBuild Include="..\..\src\ui\PlayerCardBox.h">
      <Filter>ui</Filter>
    </CustomBuild>
    <CustomBuild Include="..\..\src\dialog\FreeChooseDialog.h">
      <Filter>dialog</Filter>
    </CustomBuild>
    <CustomBuild Include="..\..\src\dialog\FlatDialog.h">
      <Filter>dialog</Filter>
    </CustomBuild>
    <CustomBuild Include="..\..\src\dialog\AvatarModel.h">
      <Filter>dialog</Filter>
    </CustomBuild>
    <CustomBuild Include="..\..\src\dialog\UdpDetectorDialog.h">
      <Filter>dialog</Filter>
    </CustomBuild>
    <CustomBuild Include="..\..\src\ui\GraphicsPixmapHoverItem.h">
      <Filter>ui</Filter>
    </CustomBuild>
    <CustomBuild Include="..\..\src\ui\HeroSkinContainer.h">
      <Filter>ui</Filter>
    </CustomBuild>
    <CustomBuild Include="..\..\src\dialog\GeneralModel.h">
      <Filter>dialog</Filter>
    </CustomBuild>
    <CustomBuild Include="..\..\src\ui\SkinItem.h">
      <Filter>ui</Filter>
    </CustomBuild>
  </ItemGroup>
  <ItemGroup>
    <None Include="..\..\swig\sanguosha.i">
      <Filter>Swig Files</Filter>
    </None>
    <None Include="..\sanguosha.ts">
      <Filter>Translation Files</Filter>
    </None>
    <None Include="..\..\swig\ai.i">
      <Filter>Swig Files</Filter>
    </None>
    <None Include="..\..\swig\card.i">
      <Filter>Swig Files</Filter>
    </None>
    <None Include="..\..\swig\list.i">
      <Filter>Swig Files</Filter>
    </None>
    <None Include="..\..\swig\luaskills.i">
      <Filter>Swig Files</Filter>
    </None>
    <None Include="..\..\swig\native.i">
      <Filter>Swig Files</Filter>
    </None>
    <None Include="..\..\swig\naturalvar.i">
      <Filter>Swig Files</Filter>
    </None>
    <None Include="..\..\swig\qvariant.i">
      <Filter>Swig Files</Filter>
    </None>
  </ItemGroup>
  <ItemGroup>
    <CustomBuild Include="..\..\src\dialog\cardoverview.ui">
      <Filter>dialog\form</Filter>
    </CustomBuild>
    <CustomBuild Include="..\..\src\dialog\configdialog.ui">
      <Filter>dialog\form</Filter>
    </CustomBuild>
    <CustomBuild Include="..\..\src\dialog\connectiondialog.ui">
      <Filter>dialog\form</Filter>
    </CustomBuild>
    <CustomBuild Include="..\..\src\dialog\generaloverview.ui">
      <Filter>dialog\form</Filter>
    </CustomBuild>
    <CustomBuild Include="..\..\src\dialog\mainwindow.ui">
      <Filter>dialog\form</Filter>
    </CustomBuild>
  </ItemGroup>
  <ItemGroup>
    <ResourceCompile Include="..\..\resource\icon.rc" />
  </ItemGroup>
  <ItemGroup>
    <ClInclude Include="GeneratedFiles\ui_cardoverview.h">
      <Filter>Generated Files</Filter>
    </ClInclude>
    <ClInclude Include="GeneratedFiles\ui_configdialog.h">
      <Filter>Generated Files</Filter>
    </ClInclude>
    <ClInclude Include="GeneratedFiles\ui_connectiondialog.h">
      <Filter>Generated Files</Filter>
    </ClInclude>
    <ClInclude Include="GeneratedFiles\ui_generaloverview.h">
      <Filter>Generated Files</Filter>
    </ClInclude>
    <ClInclude Include="GeneratedFiles\ui_mainwindow.h">
      <Filter>Generated Files</Filter>
    </ClInclude>
    <ClInclude Include="..\..\src\core\audio.h">
      <Filter>core</Filter>
    </ClInclude>
    <ClInclude Include="..\..\src\package\exppattern.h">
      <Filter>package</Filter>
    </ClInclude>
    <ClInclude Include="..\..\src\scenario\scenerule.h">
      <Filter>scenario</Filter>
    </ClInclude>
    <ClInclude Include="..\..\src\core\protocol.h">
      <Filter>core</Filter>
    </ClInclude>
    <ClInclude Include="..\..\src\core\structs.h">
      <Filter>core</Filter>
    </ClInclude>
    <ClInclude Include="..\..\src\ui\SkinBank.h">
      <Filter>ui</Filter>
    </ClInclude>
    <ClInclude Include="..\..\src\core\compiler-specific.h">
      <Filter>core</Filter>
    </ClInclude>
    <ClInclude Include="..\..\src\ui\uiUtils.h">
      <Filter>ui</Filter>
    </ClInclude>
    <ClInclude Include="..\..\src\core\namespace.h">
      <Filter>core</Filter>
    </ClInclude>
    <ClInclude Include="..\..\src\core\util.h">
      <Filter>core</Filter>
    </ClInclude>
    <ClInclude Include="..\..\src\core\banpair.h">
      <Filter>core</Filter>
    </ClInclude>
    <ClInclude Include="..\..\src\core\version.h">
      <Filter>core</Filter>
    </ClInclude>
    <ClInclude Include="..\..\src\ui\StyleHelper.h">
      <Filter>ui</Filter>
    </ClInclude>
    <ClInclude Include="..\..\src\core\json.h">
      <Filter>Generated Files</Filter>
    </ClInclude>
  </ItemGroup>
</Project>